// !$*UTF8*$!
{
	archiveVersion = 1;
	classes = {
	};
	objectVersion = 46;
	objects = {

/* Begin PBXBuildFile section */
		8B43DC401D0150B100A58D80 /* PhysicsMotionViewController.swift in Sources */ = {isa = PBXBuildFile; fileRef = 8B43DC3F1D0150B100A58D80 /* PhysicsMotionViewController.swift */; };
		8B43DC421D0159BA00A58D80 /* AdditiveViewController.swift in Sources */ = {isa = PBXBuildFile; fileRef = 8B43DC411D0159BA00A58D80 /* AdditiveViewController.swift */; };
		8B43DC441D01764900A58D80 /* DynamicViewController.swift in Sources */ = {isa = PBXBuildFile; fileRef = 8B43DC431D01764900A58D80 /* DynamicViewController.swift */; };
		8B683B041D00BE76008D43E2 /* GroupMotionViewController.swift in Sources */ = {isa = PBXBuildFile; fileRef = 8B683B031D00BE76008D43E2 /* GroupMotionViewController.swift */; };
		8B683B061D00E386008D43E2 /* SequenceContiguousViewController.swift in Sources */ = {isa = PBXBuildFile; fileRef = 8B683B051D00E386008D43E2 /* SequenceContiguousViewController.swift */; };
		8B683B081D012529008D43E2 /* SequenceViewController.swift in Sources */ = {isa = PBXBuildFile; fileRef = 8B683B071D012529008D43E2 /* SequenceViewController.swift */; };
		8BA8504E205F73E100F1FA7B /* Motion.swift in Sources */ = {isa = PBXBuildFile; fileRef = 8BA85030205F73E100F1FA7B /* Motion.swift */; };
		8BA8504F205F73E100F1FA7B /* PhysicsMotion.swift in Sources */ = {isa = PBXBuildFile; fileRef = 8BA85031205F73E100F1FA7B /* PhysicsMotion.swift */; };
		8BA85050205F73E100F1FA7B /* CATempo.swift in Sources */ = {isa = PBXBuildFile; fileRef = 8BA85032205F73E100F1FA7B /* CATempo.swift */; };
		8BA85051205F73E100F1FA7B /* PropertyStates.swift in Sources */ = {isa = PBXBuildFile; fileRef = 8BA85033205F73E100F1FA7B /* PropertyStates.swift */; };
		8BA85052205F73E100F1FA7B /* MotionSupport.swift in Sources */ = {isa = PBXBuildFile; fileRef = 8BA85034205F73E100F1FA7B /* MotionSupport.swift */; };
		8BA85053205F73E100F1FA7B /* EasingElastic.swift in Sources */ = {isa = PBXBuildFile; fileRef = 8BA85036205F73E100F1FA7B /* EasingElastic.swift */; };
		8BA85054205F73E100F1FA7B /* EasingLinear.swift in Sources */ = {isa = PBXBuildFile; fileRef = 8BA85037205F73E100F1FA7B /* EasingLinear.swift */; };
		8BA85055205F73E100F1FA7B /* EasingSine.swift in Sources */ = {isa = PBXBuildFile; fileRef = 8BA85038205F73E100F1FA7B /* EasingSine.swift */; };
		8BA85056205F73E100F1FA7B /* EasingQuadratic.swift in Sources */ = {isa = PBXBuildFile; fileRef = 8BA85039205F73E100F1FA7B /* EasingQuadratic.swift */; };
		8BA85057205F73E100F1FA7B /* EasingCubic.swift in Sources */ = {isa = PBXBuildFile; fileRef = 8BA8503A205F73E100F1FA7B /* EasingCubic.swift */; };
		8BA85058205F73E100F1FA7B /* EasingCircular.swift in Sources */ = {isa = PBXBuildFile; fileRef = 8BA8503B205F73E100F1FA7B /* EasingCircular.swift */; };
		8BA85059205F73E100F1FA7B /* EasingExpo.swift in Sources */ = {isa = PBXBuildFile; fileRef = 8BA8503C205F73E100F1FA7B /* EasingExpo.swift */; };
		8BA8505A205F73E100F1FA7B /* EasingQuartic.swift in Sources */ = {isa = PBXBuildFile; fileRef = 8BA8503D205F73E100F1FA7B /* EasingQuartic.swift */; };
		8BA8505B205F73E100F1FA7B /* EasingBounce.swift in Sources */ = {isa = PBXBuildFile; fileRef = 8BA8503E205F73E100F1FA7B /* EasingBounce.swift */; };
		8BA8505C205F73E100F1FA7B /* EasingQuintic.swift in Sources */ = {isa = PBXBuildFile; fileRef = 8BA8503F205F73E100F1FA7B /* EasingQuintic.swift */; };
		8BA8505D205F73E100F1FA7B /* EasingBack.swift in Sources */ = {isa = PBXBuildFile; fileRef = 8BA85040205F73E100F1FA7B /* EasingBack.swift */; };
		8BA8505E205F73E100F1FA7B /* PropertyData.swift in Sources */ = {isa = PBXBuildFile; fileRef = 8BA85041205F73E100F1FA7B /* PropertyData.swift */; };
		8BA8505F205F73E100F1FA7B /* Tempo.swift in Sources */ = {isa = PBXBuildFile; fileRef = 8BA85042205F73E100F1FA7B /* Tempo.swift */; };
		8BA85060205F73E100F1FA7B /* PhysicsSystem.swift in Sources */ = {isa = PBXBuildFile; fileRef = 8BA85043205F73E100F1FA7B /* PhysicsSystem.swift */; };
		8BA85061205F73E100F1FA7B /* MotionMachine.swift in Sources */ = {isa = PBXBuildFile; fileRef = 8BA85044205F73E100F1FA7B /* MotionMachine.swift */; };
		8BA85062205F73E100F1FA7B /* MotionGroup.swift in Sources */ = {isa = PBXBuildFile; fileRef = 8BA85045205F73E100F1FA7B /* MotionGroup.swift */; };
		8BA85063205F73E100F1FA7B /* MotionSequence.swift in Sources */ = {isa = PBXBuildFile; fileRef = 8BA85046205F73E100F1FA7B /* MotionSequence.swift */; };
		8BA85064205F73E100F1FA7B /* TimerTempo.swift in Sources */ = {isa = PBXBuildFile; fileRef = 8BA85047205F73E100F1FA7B /* TimerTempo.swift */; };
		8BA85065205F73E100F1FA7B /* UIColorAssistant.swift in Sources */ = {isa = PBXBuildFile; fileRef = 8BA85049205F73E100F1FA7B /* UIColorAssistant.swift */; };
		8BA85066205F73E100F1FA7B /* CGStructAssistant.swift in Sources */ = {isa = PBXBuildFile; fileRef = 8BA8504A205F73E100F1FA7B /* CGStructAssistant.swift */; };
		8BA85067205F73E100F1FA7B /* UIKitStructAssistant.swift in Sources */ = {isa = PBXBuildFile; fileRef = 8BA8504B205F73E100F1FA7B /* UIKitStructAssistant.swift */; };
		8BA85068205F73E100F1FA7B /* CIColorAssistant.swift in Sources */ = {isa = PBXBuildFile; fileRef = 8BA8504C205F73E100F1FA7B /* CIColorAssistant.swift */; };
		8BA85069205F73E100F1FA7B /* ValueAssistantGroup.swift in Sources */ = {isa = PBXBuildFile; fileRef = 8BA8504D205F73E100F1FA7B /* ValueAssistantGroup.swift */; };
		8BB379D81CFFA17E00A35AFD /* AppDelegate.swift in Sources */ = {isa = PBXBuildFile; fileRef = 8BB379D71CFFA17E00A35AFD /* AppDelegate.swift */; };
		8BB379DA1CFFA17E00A35AFD /* MasterViewController.swift in Sources */ = {isa = PBXBuildFile; fileRef = 8BB379D91CFFA17E00A35AFD /* MasterViewController.swift */; };
		8BB379E11CFFA17E00A35AFD /* Assets.xcassets in Resources */ = {isa = PBXBuildFile; fileRef = 8BB379E01CFFA17E00A35AFD /* Assets.xcassets */; };
		8BB379E41CFFA17E00A35AFD /* LaunchScreen.storyboard in Resources */ = {isa = PBXBuildFile; fileRef = 8BB379E21CFFA17E00A35AFD /* LaunchScreen.storyboard */; };
		8BB37A281CFFB03F00A35AFD /* BasicMotionViewController.swift in Sources */ = {isa = PBXBuildFile; fileRef = 8BB37A271CFFB03F00A35AFD /* BasicMotionViewController.swift */; };
		8BB37A2C1CFFC64F00A35AFD /* ButtonsView.swift in Sources */ = {isa = PBXBuildFile; fileRef = 8BB37A2B1CFFC64F00A35AFD /* ButtonsView.swift */; };
/* End PBXBuildFile section */

/* Begin PBXFileReference section */
		8B43DC3F1D0150B100A58D80 /* PhysicsMotionViewController.swift */ = {isa = PBXFileReference; fileEncoding = 4; lastKnownFileType = sourcecode.swift; name = PhysicsMotionViewController.swift; path = Classes/PhysicsMotionViewController.swift; sourceTree = "<group>"; };
		8B43DC411D0159BA00A58D80 /* AdditiveViewController.swift */ = {isa = PBXFileReference; fileEncoding = 4; lastKnownFileType = sourcecode.swift; name = AdditiveViewController.swift; path = Classes/AdditiveViewController.swift; sourceTree = "<group>"; };
		8B43DC431D01764900A58D80 /* DynamicViewController.swift */ = {isa = PBXFileReference; fileEncoding = 4; lastKnownFileType = sourcecode.swift; name = DynamicViewController.swift; path = Classes/DynamicViewController.swift; sourceTree = "<group>"; };
		8B683B031D00BE76008D43E2 /* GroupMotionViewController.swift */ = {isa = PBXFileReference; fileEncoding = 4; lastKnownFileType = sourcecode.swift; name = GroupMotionViewController.swift; path = Classes/GroupMotionViewController.swift; sourceTree = "<group>"; };
		8B683B051D00E386008D43E2 /* SequenceContiguousViewController.swift */ = {isa = PBXFileReference; fileEncoding = 4; lastKnownFileType = sourcecode.swift; name = SequenceContiguousViewController.swift; path = Classes/SequenceContiguousViewController.swift; sourceTree = "<group>"; };
		8B683B071D012529008D43E2 /* SequenceViewController.swift */ = {isa = PBXFileReference; fileEncoding = 4; lastKnownFileType = sourcecode.swift; name = SequenceViewController.swift; path = Classes/SequenceViewController.swift; sourceTree = "<group>"; };
		8BA85030205F73E100F1FA7B /* Motion.swift */ = {isa = PBXFileReference; fileEncoding = 4; lastKnownFileType = sourcecode.swift; path = Motion.swift; sourceTree = "<group>"; };
		8BA85031205F73E100F1FA7B /* PhysicsMotion.swift */ = {isa = PBXFileReference; fileEncoding = 4; lastKnownFileType = sourcecode.swift; path = PhysicsMotion.swift; sourceTree = "<group>"; };
		8BA85032205F73E100F1FA7B /* CATempo.swift */ = {isa = PBXFileReference; fileEncoding = 4; lastKnownFileType = sourcecode.swift; path = CATempo.swift; sourceTree = "<group>"; };
		8BA85033205F73E100F1FA7B /* PropertyStates.swift */ = {isa = PBXFileReference; fileEncoding = 4; lastKnownFileType = sourcecode.swift; path = PropertyStates.swift; sourceTree = "<group>"; };
		8BA85034205F73E100F1FA7B /* MotionSupport.swift */ = {isa = PBXFileReference; fileEncoding = 4; lastKnownFileType = sourcecode.swift; path = MotionSupport.swift; sourceTree = "<group>"; };
		8BA85036205F73E100F1FA7B /* EasingElastic.swift */ = {isa = PBXFileReference; fileEncoding = 4; lastKnownFileType = sourcecode.swift; path = EasingElastic.swift; sourceTree = "<group>"; };
		8BA85037205F73E100F1FA7B /* EasingLinear.swift */ = {isa = PBXFileReference; fileEncoding = 4; lastKnownFileType = sourcecode.swift; path = EasingLinear.swift; sourceTree = "<group>"; };
		8BA85038205F73E100F1FA7B /* EasingSine.swift */ = {isa = PBXFileReference; fileEncoding = 4; lastKnownFileType = sourcecode.swift; path = EasingSine.swift; sourceTree = "<group>"; };
		8BA85039205F73E100F1FA7B /* EasingQuadratic.swift */ = {isa = PBXFileReference; fileEncoding = 4; lastKnownFileType = sourcecode.swift; path = EasingQuadratic.swift; sourceTree = "<group>"; };
		8BA8503A205F73E100F1FA7B /* EasingCubic.swift */ = {isa = PBXFileReference; fileEncoding = 4; lastKnownFileType = sourcecode.swift; path = EasingCubic.swift; sourceTree = "<group>"; };
		8BA8503B205F73E100F1FA7B /* EasingCircular.swift */ = {isa = PBXFileReference; fileEncoding = 4; lastKnownFileType = sourcecode.swift; path = EasingCircular.swift; sourceTree = "<group>"; };
		8BA8503C205F73E100F1FA7B /* EasingExpo.swift */ = {isa = PBXFileReference; fileEncoding = 4; lastKnownFileType = sourcecode.swift; path = EasingExpo.swift; sourceTree = "<group>"; };
		8BA8503D205F73E100F1FA7B /* EasingQuartic.swift */ = {isa = PBXFileReference; fileEncoding = 4; lastKnownFileType = sourcecode.swift; path = EasingQuartic.swift; sourceTree = "<group>"; };
		8BA8503E205F73E100F1FA7B /* EasingBounce.swift */ = {isa = PBXFileReference; fileEncoding = 4; lastKnownFileType = sourcecode.swift; path = EasingBounce.swift; sourceTree = "<group>"; };
		8BA8503F205F73E100F1FA7B /* EasingQuintic.swift */ = {isa = PBXFileReference; fileEncoding = 4; lastKnownFileType = sourcecode.swift; path = EasingQuintic.swift; sourceTree = "<group>"; };
		8BA85040205F73E100F1FA7B /* EasingBack.swift */ = {isa = PBXFileReference; fileEncoding = 4; lastKnownFileType = sourcecode.swift; path = EasingBack.swift; sourceTree = "<group>"; };
		8BA85041205F73E100F1FA7B /* PropertyData.swift */ = {isa = PBXFileReference; fileEncoding = 4; lastKnownFileType = sourcecode.swift; path = PropertyData.swift; sourceTree = "<group>"; };
		8BA85042205F73E100F1FA7B /* Tempo.swift */ = {isa = PBXFileReference; fileEncoding = 4; lastKnownFileType = sourcecode.swift; path = Tempo.swift; sourceTree = "<group>"; };
		8BA85043205F73E100F1FA7B /* PhysicsSystem.swift */ = {isa = PBXFileReference; fileEncoding = 4; lastKnownFileType = sourcecode.swift; path = PhysicsSystem.swift; sourceTree = "<group>"; };
		8BA85044205F73E100F1FA7B /* MotionMachine.swift */ = {isa = PBXFileReference; fileEncoding = 4; lastKnownFileType = sourcecode.swift; path = MotionMachine.swift; sourceTree = "<group>"; };
		8BA85045205F73E100F1FA7B /* MotionGroup.swift */ = {isa = PBXFileReference; fileEncoding = 4; lastKnownFileType = sourcecode.swift; path = MotionGroup.swift; sourceTree = "<group>"; };
		8BA85046205F73E100F1FA7B /* MotionSequence.swift */ = {isa = PBXFileReference; fileEncoding = 4; lastKnownFileType = sourcecode.swift; path = MotionSequence.swift; sourceTree = "<group>"; };
		8BA85047205F73E100F1FA7B /* TimerTempo.swift */ = {isa = PBXFileReference; fileEncoding = 4; lastKnownFileType = sourcecode.swift; path = TimerTempo.swift; sourceTree = "<group>"; };
		8BA85049205F73E100F1FA7B /* UIColorAssistant.swift */ = {isa = PBXFileReference; fileEncoding = 4; lastKnownFileType = sourcecode.swift; path = UIColorAssistant.swift; sourceTree = "<group>"; };
		8BA8504A205F73E100F1FA7B /* CGStructAssistant.swift */ = {isa = PBXFileReference; fileEncoding = 4; lastKnownFileType = sourcecode.swift; path = CGStructAssistant.swift; sourceTree = "<group>"; };
		8BA8504B205F73E100F1FA7B /* UIKitStructAssistant.swift */ = {isa = PBXFileReference; fileEncoding = 4; lastKnownFileType = sourcecode.swift; path = UIKitStructAssistant.swift; sourceTree = "<group>"; };
		8BA8504C205F73E100F1FA7B /* CIColorAssistant.swift */ = {isa = PBXFileReference; fileEncoding = 4; lastKnownFileType = sourcecode.swift; path = CIColorAssistant.swift; sourceTree = "<group>"; };
		8BA8504D205F73E100F1FA7B /* ValueAssistantGroup.swift */ = {isa = PBXFileReference; fileEncoding = 4; lastKnownFileType = sourcecode.swift; path = ValueAssistantGroup.swift; sourceTree = "<group>"; };
		8BB379D41CFFA17D00A35AFD /* MotionExamples.app */ = {isa = PBXFileReference; explicitFileType = wrapper.application; includeInIndex = 0; path = MotionExamples.app; sourceTree = BUILT_PRODUCTS_DIR; };
		8BB379D71CFFA17E00A35AFD /* AppDelegate.swift */ = {isa = PBXFileReference; lastKnownFileType = sourcecode.swift; path = AppDelegate.swift; sourceTree = "<group>"; };
		8BB379D91CFFA17E00A35AFD /* MasterViewController.swift */ = {isa = PBXFileReference; lastKnownFileType = sourcecode.swift; path = MasterViewController.swift; sourceTree = "<group>"; };
		8BB379E01CFFA17E00A35AFD /* Assets.xcassets */ = {isa = PBXFileReference; lastKnownFileType = folder.assetcatalog; path = Assets.xcassets; sourceTree = "<group>"; };
		8BB379E31CFFA17E00A35AFD /* Base */ = {isa = PBXFileReference; lastKnownFileType = file.storyboard; name = Base; path = Base.lproj/LaunchScreen.storyboard; sourceTree = "<group>"; };
		8BB379E51CFFA17E00A35AFD /* Info.plist */ = {isa = PBXFileReference; lastKnownFileType = text.plist.xml; path = Info.plist; sourceTree = "<group>"; };
		8BB37A271CFFB03F00A35AFD /* BasicMotionViewController.swift */ = {isa = PBXFileReference; fileEncoding = 4; lastKnownFileType = sourcecode.swift; name = BasicMotionViewController.swift; path = Classes/BasicMotionViewController.swift; sourceTree = "<group>"; };
		8BB37A2B1CFFC64F00A35AFD /* ButtonsView.swift */ = {isa = PBXFileReference; fileEncoding = 4; lastKnownFileType = sourcecode.swift; path = ButtonsView.swift; sourceTree = "<group>"; };
/* End PBXFileReference section */

/* Begin PBXFrameworksBuildPhase section */
		8BB379D11CFFA17D00A35AFD /* Frameworks */ = {
			isa = PBXFrameworksBuildPhase;
			buildActionMask = 2147483647;
			files = (
			);
			runOnlyForDeploymentPostprocessing = 0;
		};
/* End PBXFrameworksBuildPhase section */

/* Begin PBXGroup section */
		8BA8502F205F73E100F1FA7B /* Sources */ = {
			isa = PBXGroup;
			children = (
				8BA85030205F73E100F1FA7B /* Motion.swift */,
				8BA85031205F73E100F1FA7B /* PhysicsMotion.swift */,
				8BA85032205F73E100F1FA7B /* CATempo.swift */,
				8BA85033205F73E100F1FA7B /* PropertyStates.swift */,
				8BA85034205F73E100F1FA7B /* MotionSupport.swift */,
				8BA85035205F73E100F1FA7B /* EasingTypes */,
				8BA85041205F73E100F1FA7B /* PropertyData.swift */,
				8BA85042205F73E100F1FA7B /* Tempo.swift */,
				8BA85043205F73E100F1FA7B /* PhysicsSystem.swift */,
				8BA85044205F73E100F1FA7B /* MotionMachine.swift */,
				8BA85045205F73E100F1FA7B /* MotionGroup.swift */,
				8BA85046205F73E100F1FA7B /* MotionSequence.swift */,
				8BA85047205F73E100F1FA7B /* TimerTempo.swift */,
				8BA85048205F73E100F1FA7B /* ValueAssistants */,
			);
			name = Sources;
			path = ../Sources;
			sourceTree = "<group>";
		};
		8BA85035205F73E100F1FA7B /* EasingTypes */ = {
			isa = PBXGroup;
			children = (
				8BA85036205F73E100F1FA7B /* EasingElastic.swift */,
				8BA85037205F73E100F1FA7B /* EasingLinear.swift */,
				8BA85038205F73E100F1FA7B /* EasingSine.swift */,
				8BA85039205F73E100F1FA7B /* EasingQuadratic.swift */,
				8BA8503A205F73E100F1FA7B /* EasingCubic.swift */,
				8BA8503B205F73E100F1FA7B /* EasingCircular.swift */,
				8BA8503C205F73E100F1FA7B /* EasingExpo.swift */,
				8BA8503D205F73E100F1FA7B /* EasingQuartic.swift */,
				8BA8503E205F73E100F1FA7B /* EasingBounce.swift */,
				8BA8503F205F73E100F1FA7B /* EasingQuintic.swift */,
				8BA85040205F73E100F1FA7B /* EasingBack.swift */,
			);
			path = EasingTypes;
			sourceTree = "<group>";
		};
		8BA85048205F73E100F1FA7B /* ValueAssistants */ = {
			isa = PBXGroup;
			children = (
				8BA85049205F73E100F1FA7B /* UIColorAssistant.swift */,
				8BA8504A205F73E100F1FA7B /* CGStructAssistant.swift */,
				8BA8504B205F73E100F1FA7B /* UIKitStructAssistant.swift */,
				8BA8504C205F73E100F1FA7B /* CIColorAssistant.swift */,
				8BA8504D205F73E100F1FA7B /* ValueAssistantGroup.swift */,
			);
			path = ValueAssistants;
			sourceTree = "<group>";
		};
		8BB379CB1CFFA17D00A35AFD = {
			isa = PBXGroup;
			children = (
				8BA8502F205F73E100F1FA7B /* Sources */,
				8BB379D61CFFA17E00A35AFD /* MotionExamples */,
				8BB379D51CFFA17D00A35AFD /* Products */,
			);
			sourceTree = "<group>";
		};
		8BB379D51CFFA17D00A35AFD /* Products */ = {
			isa = PBXGroup;
			children = (
				8BB379D41CFFA17D00A35AFD /* MotionExamples.app */,
			);
			name = Products;
			sourceTree = "<group>";
		};
		8BB379D61CFFA17E00A35AFD /* MotionExamples */ = {
			isa = PBXGroup;
			children = (
				8BB37A261CFFAFEE00A35AFD /* Example VCs */,
				8BB379D71CFFA17E00A35AFD /* AppDelegate.swift */,
				8BB379D91CFFA17E00A35AFD /* MasterViewController.swift */,
				8BB379E01CFFA17E00A35AFD /* Assets.xcassets */,
				8BB379E21CFFA17E00A35AFD /* LaunchScreen.storyboard */,
				8BB379E51CFFA17E00A35AFD /* Info.plist */,
				8BB37A2B1CFFC64F00A35AFD /* ButtonsView.swift */,
			);
			path = MotionExamples;
			sourceTree = "<group>";
		};
		8BB37A261CFFAFEE00A35AFD /* Example VCs */ = {
			isa = PBXGroup;
			children = (
				8BB37A271CFFB03F00A35AFD /* BasicMotionViewController.swift */,
				8B683B031D00BE76008D43E2 /* GroupMotionViewController.swift */,
				8B683B051D00E386008D43E2 /* SequenceContiguousViewController.swift */,
				8B683B071D012529008D43E2 /* SequenceViewController.swift */,
				8B43DC3F1D0150B100A58D80 /* PhysicsMotionViewController.swift */,
				8B43DC411D0159BA00A58D80 /* AdditiveViewController.swift */,
				8B43DC431D01764900A58D80 /* DynamicViewController.swift */,
			);
			name = "Example VCs";
			sourceTree = "<group>";
		};
/* End PBXGroup section */

/* Begin PBXNativeTarget section */
		8BB379D31CFFA17D00A35AFD /* MotionExamples */ = {
			isa = PBXNativeTarget;
			buildConfigurationList = 8BB379E81CFFA17E00A35AFD /* Build configuration list for PBXNativeTarget "MotionExamples" */;
			buildPhases = (
				8BB379D01CFFA17D00A35AFD /* Sources */,
				8BB379D11CFFA17D00A35AFD /* Frameworks */,
				8BB379D21CFFA17D00A35AFD /* Resources */,
			);
			buildRules = (
			);
			dependencies = (
			);
			name = MotionExamples;
			productName = MotionExamples;
			productReference = 8BB379D41CFFA17D00A35AFD /* MotionExamples.app */;
			productType = "com.apple.product-type.application";
		};
/* End PBXNativeTarget section */

/* Begin PBXProject section */
		8BB379CC1CFFA17D00A35AFD /* Project object */ = {
			isa = PBXProject;
			attributes = {
				LastSwiftUpdateCheck = 0730;
				LastUpgradeCheck = 0900;
				ORGANIZATIONNAME = "Poet & Mountain, LLC";
				TargetAttributes = {
					8BB379D31CFFA17D00A35AFD = {
						CreatedOnToolsVersion = 7.3.1;
						LastSwiftMigration = 0900;
						ProvisioningStyle = Manual;
					};
				};
			};
			buildConfigurationList = 8BB379CF1CFFA17D00A35AFD /* Build configuration list for PBXProject "MotionExamples" */;
			compatibilityVersion = "Xcode 3.2";
			developmentRegion = English;
			hasScannedForEncodings = 0;
			knownRegions = (
				en,
				Base,
			);
			mainGroup = 8BB379CB1CFFA17D00A35AFD;
			productRefGroup = 8BB379D51CFFA17D00A35AFD /* Products */;
			projectDirPath = "";
			projectRoot = "";
			targets = (
				8BB379D31CFFA17D00A35AFD /* MotionExamples */,
			);
		};
/* End PBXProject section */

/* Begin PBXResourcesBuildPhase section */
		8BB379D21CFFA17D00A35AFD /* Resources */ = {
			isa = PBXResourcesBuildPhase;
			buildActionMask = 2147483647;
			files = (
				8BB379E41CFFA17E00A35AFD /* LaunchScreen.storyboard in Resources */,
				8BB379E11CFFA17E00A35AFD /* Assets.xcassets in Resources */,
			);
			runOnlyForDeploymentPostprocessing = 0;
		};
/* End PBXResourcesBuildPhase section */

/* Begin PBXSourcesBuildPhase section */
		8BB379D01CFFA17D00A35AFD /* Sources */ = {
			isa = PBXSourcesBuildPhase;
			buildActionMask = 2147483647;
			files = (
				8BA85065205F73E100F1FA7B /* UIColorAssistant.swift in Sources */,
				8B43DC421D0159BA00A58D80 /* AdditiveViewController.swift in Sources */,
				8BA85058205F73E100F1FA7B /* EasingCircular.swift in Sources */,
				8BA85052205F73E100F1FA7B /* MotionSupport.swift in Sources */,
				8BA85062205F73E100F1FA7B /* MotionGroup.swift in Sources */,
				8B43DC401D0150B100A58D80 /* PhysicsMotionViewController.swift in Sources */,
				8BA85064205F73E100F1FA7B /* TimerTempo.swift in Sources */,
				8BA85060205F73E100F1FA7B /* PhysicsSystem.swift in Sources */,
				8BA85069205F73E100F1FA7B /* ValueAssistantGroup.swift in Sources */,
				8BA85055205F73E100F1FA7B /* EasingSine.swift in Sources */,
				8B43DC441D01764900A58D80 /* DynamicViewController.swift in Sources */,
				8BA85054205F73E100F1FA7B /* EasingLinear.swift in Sources */,
				8BA85068205F73E100F1FA7B /* CIColorAssistant.swift in Sources */,
				8BA8504F205F73E100F1FA7B /* PhysicsMotion.swift in Sources */,
				8BA85051205F73E100F1FA7B /* PropertyStates.swift in Sources */,
				8BA85050205F73E100F1FA7B /* CATempo.swift in Sources */,
				8BA85057205F73E100F1FA7B /* EasingCubic.swift in Sources */,
				8BB37A2C1CFFC64F00A35AFD /* ButtonsView.swift in Sources */,
				8BA8504E205F73E100F1FA7B /* Motion.swift in Sources */,
				8BB379DA1CFFA17E00A35AFD /* MasterViewController.swift in Sources */,
				8BA8505E205F73E100F1FA7B /* PropertyData.swift in Sources */,
				8BA85053205F73E100F1FA7B /* EasingElastic.swift in Sources */,
				8BA8505D205F73E100F1FA7B /* EasingBack.swift in Sources */,
				8BA8505A205F73E100F1FA7B /* EasingQuartic.swift in Sources */,
				8BA8505B205F73E100F1FA7B /* EasingBounce.swift in Sources */,
				8BB37A281CFFB03F00A35AFD /* BasicMotionViewController.swift in Sources */,
				8B683B081D012529008D43E2 /* SequenceViewController.swift in Sources */,
				8BA85056205F73E100F1FA7B /* EasingQuadratic.swift in Sources */,
				8BA85066205F73E100F1FA7B /* CGStructAssistant.swift in Sources */,
				8BA85061205F73E100F1FA7B /* MotionMachine.swift in Sources */,
				8BA85059205F73E100F1FA7B /* EasingExpo.swift in Sources */,
				8B683B061D00E386008D43E2 /* SequenceContiguousViewController.swift in Sources */,
				8BB379D81CFFA17E00A35AFD /* AppDelegate.swift in Sources */,
				8BA8505C205F73E100F1FA7B /* EasingQuintic.swift in Sources */,
				8B683B041D00BE76008D43E2 /* GroupMotionViewController.swift in Sources */,
				8BA85063205F73E100F1FA7B /* MotionSequence.swift in Sources */,
				8BA85067205F73E100F1FA7B /* UIKitStructAssistant.swift in Sources */,
				8BA8505F205F73E100F1FA7B /* Tempo.swift in Sources */,
			);
			runOnlyForDeploymentPostprocessing = 0;
		};
/* End PBXSourcesBuildPhase section */

/* Begin PBXVariantGroup section */
		8BB379E21CFFA17E00A35AFD /* LaunchScreen.storyboard */ = {
			isa = PBXVariantGroup;
			children = (
				8BB379E31CFFA17E00A35AFD /* Base */,
			);
			name = LaunchScreen.storyboard;
			sourceTree = "<group>";
		};
/* End PBXVariantGroup section */

/* Begin XCBuildConfiguration section */
		8BB379E61CFFA17E00A35AFD /* Debug */ = {
			isa = XCBuildConfiguration;
			buildSettings = {
				ALWAYS_SEARCH_USER_PATHS = NO;
				CLANG_ANALYZER_NONNULL = YES;
				CLANG_CXX_LANGUAGE_STANDARD = "gnu++0x";
				CLANG_CXX_LIBRARY = "libc++";
				CLANG_ENABLE_MODULES = YES;
				CLANG_ENABLE_OBJC_ARC = YES;
				CLANG_WARN_BLOCK_CAPTURE_AUTORELEASING = YES;
				CLANG_WARN_BOOL_CONVERSION = YES;
				CLANG_WARN_COMMA = YES;
				CLANG_WARN_CONSTANT_CONVERSION = YES;
				CLANG_WARN_DIRECT_OBJC_ISA_USAGE = YES_ERROR;
				CLANG_WARN_EMPTY_BODY = YES;
				CLANG_WARN_ENUM_CONVERSION = YES;
				CLANG_WARN_INFINITE_RECURSION = YES;
				CLANG_WARN_INT_CONVERSION = YES;
				CLANG_WARN_NON_LITERAL_NULL_CONVERSION = YES;
				CLANG_WARN_OBJC_LITERAL_CONVERSION = YES;
				CLANG_WARN_OBJC_ROOT_CLASS = YES_ERROR;
				CLANG_WARN_RANGE_LOOP_ANALYSIS = YES;
				CLANG_WARN_STRICT_PROTOTYPES = YES;
				CLANG_WARN_SUSPICIOUS_MOVE = YES;
				CLANG_WARN_UNREACHABLE_CODE = YES;
				CLANG_WARN__DUPLICATE_METHOD_MATCH = YES;
				CODE_SIGN_IDENTITY = "iPhone Developer";
				"CODE_SIGN_IDENTITY[sdk=iphoneos*]" = "iPhone Developer";
				COPY_PHASE_STRIP = NO;
				DEBUG_INFORMATION_FORMAT = dwarf;
				ENABLE_STRICT_OBJC_MSGSEND = YES;
				ENABLE_TESTABILITY = YES;
				GCC_C_LANGUAGE_STANDARD = gnu99;
				GCC_DYNAMIC_NO_PIC = NO;
				GCC_NO_COMMON_BLOCKS = YES;
				GCC_OPTIMIZATION_LEVEL = 0;
				GCC_PREPROCESSOR_DEFINITIONS = (
					"DEBUG=1",
					"$(inherited)",
				);
				GCC_WARN_64_TO_32_BIT_CONVERSION = YES;
				GCC_WARN_ABOUT_RETURN_TYPE = YES_ERROR;
				GCC_WARN_UNDECLARED_SELECTOR = YES;
				GCC_WARN_UNINITIALIZED_AUTOS = YES_AGGRESSIVE;
				GCC_WARN_UNUSED_FUNCTION = YES;
				GCC_WARN_UNUSED_VARIABLE = YES;
				IPHONEOS_DEPLOYMENT_TARGET = 9.3;
				MTL_ENABLE_DEBUG_INFO = YES;
				ONLY_ACTIVE_ARCH = YES;
				SDKROOT = iphoneos;
				SWIFT_OPTIMIZATION_LEVEL = "-Onone";
				SWIFT_SWIFT3_OBJC_INFERENCE = Default;
				SWIFT_VERSION = 4.0;
			};
			name = Debug;
		};
		8BB379E71CFFA17E00A35AFD /* Release */ = {
			isa = XCBuildConfiguration;
			buildSettings = {
				ALWAYS_SEARCH_USER_PATHS = NO;
				CLANG_ANALYZER_NONNULL = YES;
				CLANG_CXX_LANGUAGE_STANDARD = "gnu++0x";
				CLANG_CXX_LIBRARY = "libc++";
				CLANG_ENABLE_MODULES = YES;
				CLANG_ENABLE_OBJC_ARC = YES;
				CLANG_WARN_BLOCK_CAPTURE_AUTORELEASING = YES;
				CLANG_WARN_BOOL_CONVERSION = YES;
				CLANG_WARN_COMMA = YES;
				CLANG_WARN_CONSTANT_CONVERSION = YES;
				CLANG_WARN_DIRECT_OBJC_ISA_USAGE = YES_ERROR;
				CLANG_WARN_EMPTY_BODY = YES;
				CLANG_WARN_ENUM_CONVERSION = YES;
				CLANG_WARN_INFINITE_RECURSION = YES;
				CLANG_WARN_INT_CONVERSION = YES;
				CLANG_WARN_NON_LITERAL_NULL_CONVERSION = YES;
				CLANG_WARN_OBJC_LITERAL_CONVERSION = YES;
				CLANG_WARN_OBJC_ROOT_CLASS = YES_ERROR;
				CLANG_WARN_RANGE_LOOP_ANALYSIS = YES;
				CLANG_WARN_STRICT_PROTOTYPES = YES;
				CLANG_WARN_SUSPICIOUS_MOVE = YES;
				CLANG_WARN_UNREACHABLE_CODE = YES;
				CLANG_WARN__DUPLICATE_METHOD_MATCH = YES;
				"CODE_SIGN_IDENTITY[sdk=iphoneos*]" = "iPhone Developer";
				COPY_PHASE_STRIP = NO;
				DEBUG_INFORMATION_FORMAT = "dwarf-with-dsym";
				ENABLE_NS_ASSERTIONS = NO;
				ENABLE_STRICT_OBJC_MSGSEND = YES;
				GCC_C_LANGUAGE_STANDARD = gnu99;
				GCC_NO_COMMON_BLOCKS = YES;
				GCC_WARN_64_TO_32_BIT_CONVERSION = YES;
				GCC_WARN_ABOUT_RETURN_TYPE = YES_ERROR;
				GCC_WARN_UNDECLARED_SELECTOR = YES;
				GCC_WARN_UNINITIALIZED_AUTOS = YES_AGGRESSIVE;
				GCC_WARN_UNUSED_FUNCTION = YES;
				GCC_WARN_UNUSED_VARIABLE = YES;
				IPHONEOS_DEPLOYMENT_TARGET = 9.3;
				MTL_ENABLE_DEBUG_INFO = NO;
				SDKROOT = iphoneos;
				SWIFT_OPTIMIZATION_LEVEL = "-Owholemodule";
				SWIFT_SWIFT3_OBJC_INFERENCE = Default;
				SWIFT_VERSION = 4.0;
				VALIDATE_PRODUCT = YES;
			};
			name = Release;
		};
		8BB379E91CFFA17E00A35AFD /* Debug */ = {
			isa = XCBuildConfiguration;
			buildSettings = {
				ASSETCATALOG_COMPILER_APPICON_NAME = AppIcon;
				INFOPLIST_FILE = MotionExamples/Info.plist;
				LD_RUNPATH_SEARCH_PATHS = "$(inherited) @executable_path/Frameworks";
				PRODUCT_BUNDLE_IDENTIFIER = com.poetmountain.MotionExamples;
				PRODUCT_NAME = "$(TARGET_NAME)";
				SWIFT_SWIFT3_OBJC_INFERENCE = Default;
				SWIFT_VERSION = 4.0;
			};
			name = Debug;
		};
		8BB379EA1CFFA17E00A35AFD /* Release */ = {
			isa = XCBuildConfiguration;
			buildSettings = {
				ASSETCATALOG_COMPILER_APPICON_NAME = AppIcon;
				INFOPLIST_FILE = MotionExamples/Info.plist;
				LD_RUNPATH_SEARCH_PATHS = "$(inherited) @executable_path/Frameworks";
				PRODUCT_BUNDLE_IDENTIFIER = com.poetmountain.MotionExamples;
				PRODUCT_NAME = "$(TARGET_NAME)";
				SWIFT_SWIFT3_OBJC_INFERENCE = Default;
				SWIFT_VERSION = 4.0;
			};
			name = Release;
		};
/* End XCBuildConfiguration section */

/* Begin XCConfigurationList section */
		8BB379CF1CFFA17D00A35AFD /* Build configuration list for PBXProject "MotionExamples" */ = {
			isa = XCConfigurationList;
			buildConfigurations = (
				8BB379E61CFFA17E00A35AFD /* Debug */,
				8BB379E71CFFA17E00A35AFD /* Release */,
			);
			defaultConfigurationIsVisible = 0;
			defaultConfigurationName = Release;
		};
		8BB379E81CFFA17E00A35AFD /* Build configuration list for PBXNativeTarget "MotionExamples" */ = {
			isa = XCConfigurationList;
			buildConfigurations = (
				8BB379E91CFFA17E00A35AFD /* Debug */,
				8BB379EA1CFFA17E00A35AFD /* Release */,
			);
			defaultConfigurationIsVisible = 0;
			defaultConfigurationName = Release;
		};
/* End XCConfigurationList section */
	};
	rootObject = 8BB379CC1CFFA17D00A35AFD /* Project object */;
}
