// !$*UTF8*$!
{
	archiveVersion = 1;
	classes = {
	};
	objectVersion = 70;
	objects = {

/* Begin PBXBuildFile section */
		8B6076CC2D399D8700D9F1D9 /* PerformanceTests.swift in Sources */ = {isa = PBXBuildFile; fileRef = 8B6076CB2D399D8700D9F1D9 /* PerformanceTests.swift */; };
		8B6076CD2D399D8700D9F1D9 /* PerformanceTests.swift in Sources */ = {isa = PBXBuildFile; fileRef = 8B6076CB2D399D8700D9F1D9 /* PerformanceTests.swift */; };
		8B62C0761CEFA2F00087727A /* MotionTests.swift in Sources */ = {isa = PBXBuildFile; fileRef = 8B62C0751CEFA2F00087727A /* MotionTests.swift */; };
		8B62C0BC1CF014210087727A /* AppDelegate.swift in Sources */ = {isa = PBXBuildFile; fileRef = 8B62C0BB1CF014210087727A /* AppDelegate.swift */; };
		8B62C0BE1CF014210087727A /* ViewController.swift in Sources */ = {isa = PBXBuildFile; fileRef = 8B62C0BD1CF014210087727A /* ViewController.swift */; };
		8B62C0C11CF014210087727A /* Main.storyboard in Resources */ = {isa = PBXBuildFile; fileRef = 8B62C0BF1CF014210087727A /* Main.storyboard */; };
		8B62C0C31CF014210087727A /* Assets.xcassets in Resources */ = {isa = PBXBuildFile; fileRef = 8B62C0C21CF014210087727A /* Assets.xcassets */; };
		8B62C0C61CF014210087727A /* LaunchScreen.storyboard in Resources */ = {isa = PBXBuildFile; fileRef = 8B62C0C41CF014210087727A /* LaunchScreen.storyboard */; };
		8B6B031B1CF3CC6300C1E216 /* PhysicsMotionTests.swift in Sources */ = {isa = PBXBuildFile; fileRef = 8B6B031A1CF3CC6300C1E216 /* PhysicsMotionTests.swift */; };
		8B8CAE522CFA930600A02EB7 /* PathPhysicsMotionTests.swift in Sources */ = {isa = PBXBuildFile; fileRef = 8B8CAE512CFA930600A02EB7 /* PathPhysicsMotionTests.swift */; };
		8B8CAE682CFA935B00A02EB7 /* PathPhysicsMotion.swift in Sources */ = {isa = PBXBuildFile; fileRef = 8B8CAE532CFA935B00A02EB7 /* PathPhysicsMotion.swift */; };
		8B8CAE702CFAF26600A02EB7 /* PhysicsSystemTests.swift in Sources */ = {isa = PBXBuildFile; fileRef = 8B8CAE6F2CFAF26600A02EB7 /* PhysicsSystemTests.swift */; };
		8B8CAF142CFC325600A02EB7 /* PhysicsConfiguration.swift in Sources */ = {isa = PBXBuildFile; fileRef = 8B8CAF132CFC325600A02EB7 /* PhysicsConfiguration.swift */; };
		8B9C0D262CF7B88F00FC5C78 /* PathMotion.swift in Sources */ = {isa = PBXBuildFile; fileRef = 8B9C0D252CF7B88F00FC5C78 /* PathMotion.swift */; };
		8B9C0D282CF7B8D700FC5C78 /* PathMotionTests.swift in Sources */ = {isa = PBXBuildFile; fileRef = 8B9C0D272CF7B8D700FC5C78 /* PathMotionTests.swift */; };
		8B9C0D3C2CF834A500FC5C78 /* TestingSupport.swift in Sources */ = {isa = PBXBuildFile; fileRef = 8B9C0D3B2CF834A500FC5C78 /* TestingSupport.swift */; };
		8BA85013205F206C00F1FA7B /* Motion.swift in Sources */ = {isa = PBXBuildFile; fileRef = 8BA84FF5205F206C00F1FA7B /* Motion.swift */; };
		8BA85014205F206C00F1FA7B /* PhysicsMotion.swift in Sources */ = {isa = PBXBuildFile; fileRef = 8BA84FF6205F206C00F1FA7B /* PhysicsMotion.swift */; };
		8BA85018205F206C00F1FA7B /* EasingElastic.swift in Sources */ = {isa = PBXBuildFile; fileRef = 8BA84FFB205F206C00F1FA7B /* EasingElastic.swift */; };
		8BA85019205F206C00F1FA7B /* EasingLinear.swift in Sources */ = {isa = PBXBuildFile; fileRef = 8BA84FFC205F206C00F1FA7B /* EasingLinear.swift */; };
		8BA8501A205F206C00F1FA7B /* EasingSine.swift in Sources */ = {isa = PBXBuildFile; fileRef = 8BA84FFD205F206C00F1FA7B /* EasingSine.swift */; };
		8BA8501B205F206C00F1FA7B /* EasingQuadratic.swift in Sources */ = {isa = PBXBuildFile; fileRef = 8BA84FFE205F206C00F1FA7B /* EasingQuadratic.swift */; };
		8BA8501C205F206C00F1FA7B /* EasingCubic.swift in Sources */ = {isa = PBXBuildFile; fileRef = 8BA84FFF205F206C00F1FA7B /* EasingCubic.swift */; };
		8BA8501D205F206C00F1FA7B /* EasingCircular.swift in Sources */ = {isa = PBXBuildFile; fileRef = 8BA85000205F206C00F1FA7B /* EasingCircular.swift */; };
		8BA8501E205F206C00F1FA7B /* EasingExpo.swift in Sources */ = {isa = PBXBuildFile; fileRef = 8BA85001205F206C00F1FA7B /* EasingExpo.swift */; };
		8BA8501F205F206C00F1FA7B /* EasingQuartic.swift in Sources */ = {isa = PBXBuildFile; fileRef = 8BA85002205F206C00F1FA7B /* EasingQuartic.swift */; };
		8BA85020205F206C00F1FA7B /* EasingBounce.swift in Sources */ = {isa = PBXBuildFile; fileRef = 8BA85003205F206C00F1FA7B /* EasingBounce.swift */; };
		8BA85021205F206C00F1FA7B /* EasingQuintic.swift in Sources */ = {isa = PBXBuildFile; fileRef = 8BA85004205F206C00F1FA7B /* EasingQuintic.swift */; };
		8BA85022205F206C00F1FA7B /* EasingBack.swift in Sources */ = {isa = PBXBuildFile; fileRef = 8BA85005205F206C00F1FA7B /* EasingBack.swift */; };
		8BA85023205F206C00F1FA7B /* PropertyData.swift in Sources */ = {isa = PBXBuildFile; fileRef = 8BA85006205F206C00F1FA7B /* PropertyData.swift */; };
		8BA85025205F206C00F1FA7B /* PhysicsSystem.swift in Sources */ = {isa = PBXBuildFile; fileRef = 8BA85008205F206C00F1FA7B /* PhysicsSystem.swift */; };
		8BA85027205F206C00F1FA7B /* MotionGroup.swift in Sources */ = {isa = PBXBuildFile; fileRef = 8BA8500A205F206C00F1FA7B /* MotionGroup.swift */; };
		8BA85028205F206C00F1FA7B /* MotionSequence.swift in Sources */ = {isa = PBXBuildFile; fileRef = 8BA8500B205F206C00F1FA7B /* MotionSequence.swift */; };
		8BAA9C481CF2574D0079A9DC /* EasingTests.swift in Sources */ = {isa = PBXBuildFile; fileRef = 8BAA9C471CF2574D0079A9DC /* EasingTests.swift */; };
		8BAA9C4A1CF27DA40079A9DC /* MotionGroupTests.swift in Sources */ = {isa = PBXBuildFile; fileRef = 8BAA9C491CF27DA40079A9DC /* MotionGroupTests.swift */; };
		8BAA9C4C1CF2A4C90079A9DC /* MotionSequenceTests.swift in Sources */ = {isa = PBXBuildFile; fileRef = 8BAA9C4B1CF2A4C90079A9DC /* MotionSequenceTests.swift */; };
		8BB995AB2D2791AA0021B8B0 /* MotionState.swift in Sources */ = {isa = PBXBuildFile; fileRef = 8BB995AA2D2791AA0021B8B0 /* MotionState.swift */; };
		8BBF1DE82D322F3900FB5003 /* MotionMachineWatch Watch App.app in Embed Watch Content */ = {isa = PBXBuildFile; fileRef = 8BBF1DE72D322F3900FB5003 /* MotionMachineWatch Watch App.app */; settings = {ATTRIBUTES = (RemoveHeadersOnCopy, ); }; };
		8BBF1E0C2D32328000FB5003 /* MotionState.swift in Sources */ = {isa = PBXBuildFile; fileRef = 8BB995AA2D2791AA0021B8B0 /* MotionState.swift */; };
		8BBF1E152D32328000FB5003 /* PathPhysicsMotion.swift in Sources */ = {isa = PBXBuildFile; fileRef = 8B8CAE532CFA935B00A02EB7 /* PathPhysicsMotion.swift */; };
		8BBF1E252D32328000FB5003 /* PathMotion.swift in Sources */ = {isa = PBXBuildFile; fileRef = 8B9C0D252CF7B88F00FC5C78 /* PathMotion.swift */; };
		8BBF1E2F2D32328000FB5003 /* Motion.swift in Sources */ = {isa = PBXBuildFile; fileRef = 8BA84FF5205F206C00F1FA7B /* Motion.swift */; };
		8BBF1E302D32328000FB5003 /* PhysicsMotion.swift in Sources */ = {isa = PBXBuildFile; fileRef = 8BA84FF6205F206C00F1FA7B /* PhysicsMotion.swift */; };
		8BBF1E312D32328000FB5003 /* EasingElastic.swift in Sources */ = {isa = PBXBuildFile; fileRef = 8BA84FFB205F206C00F1FA7B /* EasingElastic.swift */; };
		8BBF1E322D32328000FB5003 /* EasingLinear.swift in Sources */ = {isa = PBXBuildFile; fileRef = 8BA84FFC205F206C00F1FA7B /* EasingLinear.swift */; };
		8BBF1E332D32328000FB5003 /* EasingSine.swift in Sources */ = {isa = PBXBuildFile; fileRef = 8BA84FFD205F206C00F1FA7B /* EasingSine.swift */; };
		8BBF1E342D32328000FB5003 /* EasingQuadratic.swift in Sources */ = {isa = PBXBuildFile; fileRef = 8BA84FFE205F206C00F1FA7B /* EasingQuadratic.swift */; };
		8BBF1E352D32328000FB5003 /* EasingCubic.swift in Sources */ = {isa = PBXBuildFile; fileRef = 8BA84FFF205F206C00F1FA7B /* EasingCubic.swift */; };
		8BBF1E362D32328000FB5003 /* EasingCircular.swift in Sources */ = {isa = PBXBuildFile; fileRef = 8BA85000205F206C00F1FA7B /* EasingCircular.swift */; };
		8BBF1E372D32328000FB5003 /* EasingExpo.swift in Sources */ = {isa = PBXBuildFile; fileRef = 8BA85001205F206C00F1FA7B /* EasingExpo.swift */; };
		8BBF1E382D32328000FB5003 /* EasingQuartic.swift in Sources */ = {isa = PBXBuildFile; fileRef = 8BA85002205F206C00F1FA7B /* EasingQuartic.swift */; };
		8BBF1E392D32328000FB5003 /* EasingBounce.swift in Sources */ = {isa = PBXBuildFile; fileRef = 8BA85003205F206C00F1FA7B /* EasingBounce.swift */; };
		8BBF1E3A2D32328000FB5003 /* EasingQuintic.swift in Sources */ = {isa = PBXBuildFile; fileRef = 8BA85004205F206C00F1FA7B /* EasingQuintic.swift */; };
		8BBF1E3B2D32328000FB5003 /* EasingBack.swift in Sources */ = {isa = PBXBuildFile; fileRef = 8BA85005205F206C00F1FA7B /* EasingBack.swift */; };
		8BBF1E3C2D32328000FB5003 /* PropertyData.swift in Sources */ = {isa = PBXBuildFile; fileRef = 8BA85006205F206C00F1FA7B /* PropertyData.swift */; };
		8BBF1E3D2D32328000FB5003 /* PhysicsSystem.swift in Sources */ = {isa = PBXBuildFile; fileRef = 8BA85008205F206C00F1FA7B /* PhysicsSystem.swift */; };
		8BBF1E3E2D32328000FB5003 /* MotionGroup.swift in Sources */ = {isa = PBXBuildFile; fileRef = 8BA8500A205F206C00F1FA7B /* MotionGroup.swift */; };
		8BBF1E3F2D32328000FB5003 /* MotionSequence.swift in Sources */ = {isa = PBXBuildFile; fileRef = 8BA8500B205F206C00F1FA7B /* MotionSequence.swift */; };
		8BBF1E402D32328000FB5003 /* PhysicsConfiguration.swift in Sources */ = {isa = PBXBuildFile; fileRef = 8B8CAF132CFC325600A02EB7 /* PhysicsConfiguration.swift */; };
		8BBF1E472D32333400FB5003 /* MotionTests.swift in Sources */ = {isa = PBXBuildFile; fileRef = 8B62C0751CEFA2F00087727A /* MotionTests.swift */; };
		8BBF1E482D32333400FB5003 /* EasingTests.swift in Sources */ = {isa = PBXBuildFile; fileRef = 8BAA9C471CF2574D0079A9DC /* EasingTests.swift */; };
		8BBF1E492D32333400FB5003 /* MotionGroupTests.swift in Sources */ = {isa = PBXBuildFile; fileRef = 8BAA9C491CF27DA40079A9DC /* MotionGroupTests.swift */; };
		8BBF1E4A2D32333400FB5003 /* MotionSequenceTests.swift in Sources */ = {isa = PBXBuildFile; fileRef = 8BAA9C4B1CF2A4C90079A9DC /* MotionSequenceTests.swift */; };
		8BBF1E4B2D32333400FB5003 /* PhysicsMotionTests.swift in Sources */ = {isa = PBXBuildFile; fileRef = 8B6B031A1CF3CC6300C1E216 /* PhysicsMotionTests.swift */; };
		8BBF1E4C2D32333400FB5003 /* PathMotionTests.swift in Sources */ = {isa = PBXBuildFile; fileRef = 8B9C0D272CF7B8D700FC5C78 /* PathMotionTests.swift */; };
		8BBF1E4D2D32333400FB5003 /* PathPhysicsMotionTests.swift in Sources */ = {isa = PBXBuildFile; fileRef = 8B8CAE512CFA930600A02EB7 /* PathPhysicsMotionTests.swift */; };
		8BBF1E4E2D32333400FB5003 /* PhysicsSystemTests.swift in Sources */ = {isa = PBXBuildFile; fileRef = 8B8CAE6F2CFAF26600A02EB7 /* PhysicsSystemTests.swift */; };
		8BBF1E502D3233AA00FB5003 /* MotionMachineWatchTests.xctestplan in Resources */ = {isa = PBXBuildFile; fileRef = 8BBF1E4F2D3233AA00FB5003 /* MotionMachineWatchTests.xctestplan */; };
		8BBF1E512D32344C00FB5003 /* Tester.swift in Sources */ = {isa = PBXBuildFile; fileRef = 8BC143D01CF0439A00E8EBC5 /* Tester.swift */; };
		8BBF1E522D32344C00FB5003 /* TestingSupport.swift in Sources */ = {isa = PBXBuildFile; fileRef = 8B9C0D3B2CF834A500FC5C78 /* TestingSupport.swift */; };
		8BBF1E552D323B0A00FB5003 /* MotionMachine.xctestplan in Resources */ = {isa = PBXBuildFile; fileRef = 8BBF1E532D323A1C00FB5003 /* MotionMachine.xctestplan */; };
		8BC143D11CF0439A00E8EBC5 /* Tester.swift in Sources */ = {isa = PBXBuildFile; fileRef = 8BC143D01CF0439A00E8EBC5 /* Tester.swift */; };
/* End PBXBuildFile section */

/* Begin PBXContainerItemProxy section */
		8BBF1DE92D322F3900FB5003 /* PBXContainerItemProxy */ = {
			isa = PBXContainerItemProxy;
			containerPortal = 8B62C0091CEF9C0F0087727A /* Project object */;
			proxyType = 1;
			remoteGlobalIDString = 8BBF1DE62D322F3900FB5003;
			remoteInfo = "MotionMachineWatch Watch App";
		};
		8BBF1E042D322FC800FB5003 /* PBXContainerItemProxy */ = {
			isa = PBXContainerItemProxy;
			containerPortal = 8B62C0091CEF9C0F0087727A /* Project object */;
			proxyType = 1;
			remoteGlobalIDString = 8BBF1DE62D322F3900FB5003;
			remoteInfo = "MotionMachineWatch Watch App";
		};
		8BC143CC1CF03F6900E8EBC5 /* PBXContainerItemProxy */ = {
			isa = PBXContainerItemProxy;
			containerPortal = 8B62C0091CEF9C0F0087727A /* Project object */;
			proxyType = 1;
			remoteGlobalIDString = 8B62C0B81CF014210087727A;
			remoteInfo = MotionMachine;
		};
/* End PBXContainerItemProxy section */

/* Begin PBXCopyFilesBuildPhase section */
		8BBF1DF82D322F3A00FB5003 /* Embed Watch Content */ = {
			isa = PBXCopyFilesBuildPhase;
			buildActionMask = 2147483647;
			dstPath = "$(CONTENTS_FOLDER_PATH)/Watch";
			dstSubfolderSpec = 16;
			files = (
				8BBF1DE82D322F3900FB5003 /* MotionMachineWatch Watch App.app in Embed Watch Content */,
			);
			name = "Embed Watch Content";
			runOnlyForDeploymentPostprocessing = 0;
		};
/* End PBXCopyFilesBuildPhase section */

/* Begin PBXFileReference section */
		8B6076CB2D399D8700D9F1D9 /* PerformanceTests.swift */ = {isa = PBXFileReference; lastKnownFileType = sourcecode.swift; path = PerformanceTests.swift; sourceTree = "<group>"; };
		8B62C0251CEF9C0F0087727A /* MotionMachineTests.xctest */ = {isa = PBXFileReference; explicitFileType = wrapper.cfbundle; includeInIndex = 0; path = MotionMachineTests.xctest; sourceTree = BUILT_PRODUCTS_DIR; };
		8B62C0751CEFA2F00087727A /* MotionTests.swift */ = {isa = PBXFileReference; fileEncoding = 4; lastKnownFileType = sourcecode.swift; path = MotionTests.swift; sourceTree = "<group>"; };
		8B62C0AC1CEFA3730087727A /* Info.plist */ = {isa = PBXFileReference; fileEncoding = 4; lastKnownFileType = text.plist.xml; name = Info.plist; path = MotionMachineTests/Info.plist; sourceTree = "<group>"; };
		8B62C0B91CF014210087727A /* MotionMachine.app */ = {isa = PBXFileReference; explicitFileType = wrapper.application; includeInIndex = 0; path = MotionMachine.app; sourceTree = BUILT_PRODUCTS_DIR; };
		8B62C0BB1CF014210087727A /* AppDelegate.swift */ = {isa = PBXFileReference; lastKnownFileType = sourcecode.swift; path = AppDelegate.swift; sourceTree = "<group>"; };
		8B62C0BD1CF014210087727A /* ViewController.swift */ = {isa = PBXFileReference; lastKnownFileType = sourcecode.swift; path = ViewController.swift; sourceTree = "<group>"; };
		8B62C0C01CF014210087727A /* Base */ = {isa = PBXFileReference; lastKnownFileType = file.storyboard; name = Base; path = Base.lproj/Main.storyboard; sourceTree = "<group>"; };
		8B62C0C21CF014210087727A /* Assets.xcassets */ = {isa = PBXFileReference; lastKnownFileType = folder.assetcatalog; path = Assets.xcassets; sourceTree = "<group>"; };
		8B62C0C51CF014210087727A /* Base */ = {isa = PBXFileReference; lastKnownFileType = file.storyboard; name = Base; path = Base.lproj/LaunchScreen.storyboard; sourceTree = "<group>"; };
		8B62C0C71CF014210087727A /* Info.plist */ = {isa = PBXFileReference; lastKnownFileType = text.plist.xml; path = Info.plist; sourceTree = "<group>"; };
		8B6B031A1CF3CC6300C1E216 /* PhysicsMotionTests.swift */ = {isa = PBXFileReference; fileEncoding = 4; lastKnownFileType = sourcecode.swift; path = PhysicsMotionTests.swift; sourceTree = "<group>"; };
		8B8CAE512CFA930600A02EB7 /* PathPhysicsMotionTests.swift */ = {isa = PBXFileReference; lastKnownFileType = sourcecode.swift; path = PathPhysicsMotionTests.swift; sourceTree = "<group>"; };
		8B8CAE532CFA935B00A02EB7 /* PathPhysicsMotion.swift */ = {isa = PBXFileReference; lastKnownFileType = sourcecode.swift; path = PathPhysicsMotion.swift; sourceTree = "<group>"; };
		8B8CAE6F2CFAF26600A02EB7 /* PhysicsSystemTests.swift */ = {isa = PBXFileReference; lastKnownFileType = sourcecode.swift; path = PhysicsSystemTests.swift; sourceTree = "<group>"; };
		8B8CAF132CFC325600A02EB7 /* PhysicsConfiguration.swift */ = {isa = PBXFileReference; lastKnownFileType = sourcecode.swift; path = PhysicsConfiguration.swift; sourceTree = "<group>"; };
		8B9C0D252CF7B88F00FC5C78 /* PathMotion.swift */ = {isa = PBXFileReference; lastKnownFileType = sourcecode.swift; path = PathMotion.swift; sourceTree = "<group>"; };
		8B9C0D272CF7B8D700FC5C78 /* PathMotionTests.swift */ = {isa = PBXFileReference; lastKnownFileType = sourcecode.swift; path = PathMotionTests.swift; sourceTree = "<group>"; };
		8B9C0D3B2CF834A500FC5C78 /* TestingSupport.swift */ = {isa = PBXFileReference; lastKnownFileType = sourcecode.swift; path = TestingSupport.swift; sourceTree = "<group>"; };
		8BA84FF5205F206C00F1FA7B /* Motion.swift */ = {isa = PBXFileReference; fileEncoding = 4; lastKnownFileType = sourcecode.swift; path = Motion.swift; sourceTree = "<group>"; };
		8BA84FF6205F206C00F1FA7B /* PhysicsMotion.swift */ = {isa = PBXFileReference; fileEncoding = 4; lastKnownFileType = sourcecode.swift; path = PhysicsMotion.swift; sourceTree = "<group>"; };
		8BA84FFB205F206C00F1FA7B /* EasingElastic.swift */ = {isa = PBXFileReference; fileEncoding = 4; lastKnownFileType = sourcecode.swift; path = EasingElastic.swift; sourceTree = "<group>"; };
		8BA84FFC205F206C00F1FA7B /* EasingLinear.swift */ = {isa = PBXFileReference; fileEncoding = 4; lastKnownFileType = sourcecode.swift; path = EasingLinear.swift; sourceTree = "<group>"; };
		8BA84FFD205F206C00F1FA7B /* EasingSine.swift */ = {isa = PBXFileReference; fileEncoding = 4; lastKnownFileType = sourcecode.swift; path = EasingSine.swift; sourceTree = "<group>"; };
		8BA84FFE205F206C00F1FA7B /* EasingQuadratic.swift */ = {isa = PBXFileReference; fileEncoding = 4; lastKnownFileType = sourcecode.swift; path = EasingQuadratic.swift; sourceTree = "<group>"; };
		8BA84FFF205F206C00F1FA7B /* EasingCubic.swift */ = {isa = PBXFileReference; fileEncoding = 4; lastKnownFileType = sourcecode.swift; path = EasingCubic.swift; sourceTree = "<group>"; };
		8BA85000205F206C00F1FA7B /* EasingCircular.swift */ = {isa = PBXFileReference; fileEncoding = 4; lastKnownFileType = sourcecode.swift; path = EasingCircular.swift; sourceTree = "<group>"; };
		8BA85001205F206C00F1FA7B /* EasingExpo.swift */ = {isa = PBXFileReference; fileEncoding = 4; lastKnownFileType = sourcecode.swift; path = EasingExpo.swift; sourceTree = "<group>"; };
		8BA85002205F206C00F1FA7B /* EasingQuartic.swift */ = {isa = PBXFileReference; fileEncoding = 4; lastKnownFileType = sourcecode.swift; path = EasingQuartic.swift; sourceTree = "<group>"; };
		8BA85003205F206C00F1FA7B /* EasingBounce.swift */ = {isa = PBXFileReference; fileEncoding = 4; lastKnownFileType = sourcecode.swift; path = EasingBounce.swift; sourceTree = "<group>"; };
		8BA85004205F206C00F1FA7B /* EasingQuintic.swift */ = {isa = PBXFileReference; fileEncoding = 4; lastKnownFileType = sourcecode.swift; path = EasingQuintic.swift; sourceTree = "<group>"; };
		8BA85005205F206C00F1FA7B /* EasingBack.swift */ = {isa = PBXFileReference; fileEncoding = 4; lastKnownFileType = sourcecode.swift; path = EasingBack.swift; sourceTree = "<group>"; };
		8BA85006205F206C00F1FA7B /* PropertyData.swift */ = {isa = PBXFileReference; fileEncoding = 4; lastKnownFileType = sourcecode.swift; path = PropertyData.swift; sourceTree = "<group>"; };
		8BA85008205F206C00F1FA7B /* PhysicsSystem.swift */ = {isa = PBXFileReference; fileEncoding = 4; lastKnownFileType = sourcecode.swift; path = PhysicsSystem.swift; sourceTree = "<group>"; };
		8BA8500A205F206C00F1FA7B /* MotionGroup.swift */ = {isa = PBXFileReference; fileEncoding = 4; lastKnownFileType = sourcecode.swift; path = MotionGroup.swift; sourceTree = "<group>"; };
		8BA8500B205F206C00F1FA7B /* MotionSequence.swift */ = {isa = PBXFileReference; fileEncoding = 4; lastKnownFileType = sourcecode.swift; path = MotionSequence.swift; sourceTree = "<group>"; };
		8BAA9C471CF2574D0079A9DC /* EasingTests.swift */ = {isa = PBXFileReference; fileEncoding = 4; lastKnownFileType = sourcecode.swift; path = EasingTests.swift; sourceTree = "<group>"; };
		8BAA9C491CF27DA40079A9DC /* MotionGroupTests.swift */ = {isa = PBXFileReference; fileEncoding = 4; lastKnownFileType = sourcecode.swift; path = MotionGroupTests.swift; sourceTree = "<group>"; };
		8BAA9C4B1CF2A4C90079A9DC /* MotionSequenceTests.swift */ = {isa = PBXFileReference; fileEncoding = 4; lastKnownFileType = sourcecode.swift; path = MotionSequenceTests.swift; sourceTree = "<group>"; };
		8BB995AA2D2791AA0021B8B0 /* MotionState.swift */ = {isa = PBXFileReference; lastKnownFileType = sourcecode.swift; path = MotionState.swift; sourceTree = "<group>"; };
		8BBF1DE22D322F3900FB5003 /* MotionMachineWatch.app */ = {isa = PBXFileReference; explicitFileType = wrapper.application; includeInIndex = 0; path = MotionMachineWatch.app; sourceTree = BUILT_PRODUCTS_DIR; };
		8BBF1DE72D322F3900FB5003 /* MotionMachineWatch Watch App.app */ = {isa = PBXFileReference; explicitFileType = wrapper.application; includeInIndex = 0; path = "MotionMachineWatch Watch App.app"; sourceTree = BUILT_PRODUCTS_DIR; };
		8BBF1E002D322FC800FB5003 /* MotionMachineWatchTests.xctest */ = {isa = PBXFileReference; explicitFileType = wrapper.cfbundle; includeInIndex = 0; path = MotionMachineWatchTests.xctest; sourceTree = BUILT_PRODUCTS_DIR; };
		8BBF1E4F2D3233AA00FB5003 /* MotionMachineWatchTests.xctestplan */ = {isa = PBXFileReference; lastKnownFileType = text; path = MotionMachineWatchTests.xctestplan; sourceTree = "<group>"; };
		8BBF1E532D323A1C00FB5003 /* MotionMachine.xctestplan */ = {isa = PBXFileReference; lastKnownFileType = text; path = MotionMachine.xctestplan; sourceTree = "<group>"; };
		8BC143D01CF0439A00E8EBC5 /* Tester.swift */ = {isa = PBXFileReference; fileEncoding = 4; lastKnownFileType = sourcecode.swift; name = Tester.swift; path = Helpers/Tester.swift; sourceTree = "<group>"; };
/* End PBXFileReference section */

/* Begin PBXFileSystemSynchronizedBuildFileExceptionSet section */
		8BBF1E412D32328100FB5003 /* PBXFileSystemSynchronizedBuildFileExceptionSet */ = {
			isa = PBXFileSystemSynchronizedBuildFileExceptionSet;
			membershipExceptions = (
				MotionMachine.swift,
				MotionSupport.swift,
				WeakAdditiveContainer.swift,
			);
			target = 8BBF1DFF2D322FC800FB5003 /* MotionMachineWatchTests */;
		};
		8BBF1E422D32328100FB5003 /* PBXFileSystemSynchronizedBuildFileExceptionSet */ = {
			isa = PBXFileSystemSynchronizedBuildFileExceptionSet;
			membershipExceptions = (
				CGColorAssistant.swift,
				CGStructAssistant.swift,
				CIColorAssistant.swift,
				NumericAssistant.swift,
				SIMDAssistant.swift,
				UIColorAssistant.swift,
				UIKitStructAssistant.swift,
				ValueAssistantGroup.swift,
			);
			target = 8BBF1DFF2D322FC800FB5003 /* MotionMachineWatchTests */;
		};
		8BBF1E432D32328100FB5003 /* PBXFileSystemSynchronizedBuildFileExceptionSet */ = {
			isa = PBXFileSystemSynchronizedBuildFileExceptionSet;
			membershipExceptions = (
				Additive.swift,
				MotionUpdateDelegate.swift,
				Moveable.swift,
				MoveableCollection.swift,
				PropertyCollection.swift,
				PropertyDataDelegate.swift,
				TempoDelegate.swift,
				TempoDriven.swift,
				TempoProviding.swift,
				ValueAssistant.swift,
			);
			target = 8BBF1DFF2D322FC800FB5003 /* MotionMachineWatchTests */;
		};
		8BBF1E442D32328100FB5003 /* PBXFileSystemSynchronizedBuildFileExceptionSet */ = {
			isa = PBXFileSystemSynchronizedBuildFileExceptionSet;
			membershipExceptions = (
				CollectionReversingMode.swift,
				MotionDirection.swift,
				MotionOptions.swift,
				MoveableState.swift,
				MoveableStatus.swift,
			);
			target = 8BBF1DFF2D322FC800FB5003 /* MotionMachineWatchTests */;
		};
		8BBF1E452D32328100FB5003 /* PBXFileSystemSynchronizedBuildFileExceptionSet */ = {
			isa = PBXFileSystemSynchronizedBuildFileExceptionSet;
			membershipExceptions = (
				PathEdgeBehavior.swift,
				PathElement.swift,
				PathElementType.swift,
				PathState.swift,
				"PathState+Extensions.swift",
			);
			target = 8BBF1DFF2D322FC800FB5003 /* MotionMachineWatchTests */;
		};
		8BBF1E462D32328100FB5003 /* PBXFileSystemSynchronizedBuildFileExceptionSet */ = {
			isa = PBXFileSystemSynchronizedBuildFileExceptionSet;
			membershipExceptions = (
				CATempo.swift,
				DisplayLinkTempo.swift,
				MacDisplayLinkTempo.swift,
				TimerTempo.swift,
			);
			target = 8BBF1DFF2D322FC800FB5003 /* MotionMachineWatchTests */;
		};
/* End PBXFileSystemSynchronizedBuildFileExceptionSet section */

/* Begin PBXFileSystemSynchronizedRootGroup section */
		8B4B05272D30F40600241676 /* Helpers */ = {isa = PBXFileSystemSynchronizedRootGroup; exceptions = (8BBF1E412D32328100FB5003 /* PBXFileSystemSynchronizedBuildFileExceptionSet */, ); explicitFileTypes = {}; explicitFolders = (); path = Helpers; sourceTree = "<group>"; };
		8B8CAE5B2CFA935B00A02EB7 /* Protocols */ = {isa = PBXFileSystemSynchronizedRootGroup; exceptions = (8BBF1E432D32328100FB5003 /* PBXFileSystemSynchronizedBuildFileExceptionSet */, ); explicitFileTypes = {}; explicitFolders = (); path = Protocols; sourceTree = "<group>"; };
		8B8CAE612CFA935B00A02EB7 /* Types */ = {isa = PBXFileSystemSynchronizedRootGroup; exceptions = (8BBF1E442D32328100FB5003 /* PBXFileSystemSynchronizedBuildFileExceptionSet */, ); explicitFileTypes = {}; explicitFolders = (); path = Types; sourceTree = "<group>"; };
		8B9C0D182CF7B85D00FC5C78 /* TempoTypes */ = {isa = PBXFileSystemSynchronizedRootGroup; exceptions = (8BBF1E462D32328100FB5003 /* PBXFileSystemSynchronizedBuildFileExceptionSet */, ); explicitFileTypes = {}; explicitFolders = (); path = TempoTypes; sourceTree = "<group>"; };
		8B9C0D202CF7B88300FC5C78 /* Paths */ = {isa = PBXFileSystemSynchronizedRootGroup; exceptions = (8BBF1E452D32328100FB5003 /* PBXFileSystemSynchronizedBuildFileExceptionSet */, ); explicitFileTypes = {}; explicitFolders = (); path = Paths; sourceTree = "<group>"; };
		8BBF1DEB2D322F3900FB5003 /* MotionMachineWatch Watch App */ = {isa = PBXFileSystemSynchronizedRootGroup; explicitFileTypes = {}; explicitFolders = (); path = "MotionMachineWatch Watch App"; sourceTree = "<group>"; };
		8BD434A92D2515570032355F /* ValueAssistants */ = {isa = PBXFileSystemSynchronizedRootGroup; exceptions = (8BBF1E422D32328100FB5003 /* PBXFileSystemSynchronizedBuildFileExceptionSet */, ); explicitFileTypes = {}; explicitFolders = (); path = ValueAssistants; sourceTree = "<group>"; };
		8BE6E4572D17D8B90050E1F2 /* ValueAssistants */ = {isa = PBXFileSystemSynchronizedRootGroup; explicitFileTypes = {}; explicitFolders = (); path = ValueAssistants; sourceTree = "<group>"; };
/* End PBXFileSystemSynchronizedRootGroup section */

/* Begin PBXFrameworksBuildPhase section */
		8B62C0221CEF9C0F0087727A /* Frameworks */ = {
			isa = PBXFrameworksBuildPhase;
			buildActionMask = 2147483647;
			files = (
			);
			runOnlyForDeploymentPostprocessing = 0;
		};
		8B62C0B61CF014210087727A /* Frameworks */ = {
			isa = PBXFrameworksBuildPhase;
			buildActionMask = 2147483647;
			files = (
			);
			runOnlyForDeploymentPostprocessing = 0;
		};
		8BBF1DE42D322F3900FB5003 /* Frameworks */ = {
			isa = PBXFrameworksBuildPhase;
			buildActionMask = 2147483647;
			files = (
			);
			runOnlyForDeploymentPostprocessing = 0;
		};
		8BBF1DFD2D322FC800FB5003 /* Frameworks */ = {
			isa = PBXFrameworksBuildPhase;
			buildActionMask = 2147483647;
			files = (
			);
			runOnlyForDeploymentPostprocessing = 0;
		};
/* End PBXFrameworksBuildPhase section */

/* Begin PBXGroup section */
		8B62C0081CEF9C0F0087727A = {
			isa = PBXGroup;
			children = (
				8BBF1E532D323A1C00FB5003 /* MotionMachine.xctestplan */,
				8BBF1E4F2D3233AA00FB5003 /* MotionMachineWatchTests.xctestplan */,
				8BA84FF4205F206C00F1FA7B /* Sources */,
				8B62C0AC1CEFA3730087727A /* Info.plist */,
				8B62C0341CEF9CA80087727A /* Tests */,
				8B62C0BA1CF014210087727A /* App */,
				8BBF1DEB2D322F3900FB5003 /* MotionMachineWatch Watch App */,
				8B62C0121CEF9C0F0087727A /* Products */,
			);
			sourceTree = "<group>";
		};
		8B62C0121CEF9C0F0087727A /* Products */ = {
			isa = PBXGroup;
			children = (
				8B62C0251CEF9C0F0087727A /* MotionMachineTests.xctest */,
				8B62C0B91CF014210087727A /* MotionMachine.app */,
				8BBF1DE22D322F3900FB5003 /* MotionMachineWatch.app */,
				8BBF1DE72D322F3900FB5003 /* MotionMachineWatch Watch App.app */,
				8BBF1E002D322FC800FB5003 /* MotionMachineWatchTests.xctest */,
			);
			name = Products;
			sourceTree = "<group>";
		};
		8B62C0341CEF9CA80087727A /* Tests */ = {
			isa = PBXGroup;
			children = (
				8BE6E4572D17D8B90050E1F2 /* ValueAssistants */,
				8BC143D21CF043A200E8EBC5 /* Helpers */,
				8B62C0751CEFA2F00087727A /* MotionTests.swift */,
				8BAA9C471CF2574D0079A9DC /* EasingTests.swift */,
				8BAA9C491CF27DA40079A9DC /* MotionGroupTests.swift */,
				8BAA9C4B1CF2A4C90079A9DC /* MotionSequenceTests.swift */,
				8B6B031A1CF3CC6300C1E216 /* PhysicsMotionTests.swift */,
				8B9C0D272CF7B8D700FC5C78 /* PathMotionTests.swift */,
				8B8CAE512CFA930600A02EB7 /* PathPhysicsMotionTests.swift */,
				8B8CAE6F2CFAF26600A02EB7 /* PhysicsSystemTests.swift */,
				8B6076CB2D399D8700D9F1D9 /* PerformanceTests.swift */,
			);
			path = Tests;
			sourceTree = "<group>";
		};
		8B62C0BA1CF014210087727A /* App */ = {
			isa = PBXGroup;
			children = (
				8B62C0BB1CF014210087727A /* AppDelegate.swift */,
				8B62C0BD1CF014210087727A /* ViewController.swift */,
				8B62C0BF1CF014210087727A /* Main.storyboard */,
				8B62C0C21CF014210087727A /* Assets.xcassets */,
				8B62C0C41CF014210087727A /* LaunchScreen.storyboard */,
				8B62C0C71CF014210087727A /* Info.plist */,
			);
			name = App;
			path = MotionMachine;
			sourceTree = "<group>";
		};
		8BA84FF4205F206C00F1FA7B /* Sources */ = {
			isa = PBXGroup;
			children = (
				8B4B05272D30F40600241676 /* Helpers */,
				8BB995AA2D2791AA0021B8B0 /* MotionState.swift */,
				8BD434A92D2515570032355F /* ValueAssistants */,
				8B8CAE532CFA935B00A02EB7 /* PathPhysicsMotion.swift */,
				8B8CAE5B2CFA935B00A02EB7 /* Protocols */,
				8B8CAE612CFA935B00A02EB7 /* Types */,
				8B9C0D252CF7B88F00FC5C78 /* PathMotion.swift */,
				8B9C0D202CF7B88300FC5C78 /* Paths */,
				8B9C0D182CF7B85D00FC5C78 /* TempoTypes */,
				8BA84FF5205F206C00F1FA7B /* Motion.swift */,
				8BA84FF6205F206C00F1FA7B /* PhysicsMotion.swift */,
				8BA84FFA205F206C00F1FA7B /* EasingTypes */,
				8BA85006205F206C00F1FA7B /* PropertyData.swift */,
				8BA85008205F206C00F1FA7B /* PhysicsSystem.swift */,
				8BA8500A205F206C00F1FA7B /* MotionGroup.swift */,
				8BA8500B205F206C00F1FA7B /* MotionSequence.swift */,
				8B8CAF132CFC325600A02EB7 /* PhysicsConfiguration.swift */,
			);
			name = Sources;
			path = ../Sources;
			sourceTree = "<group>";
		};
		8BA84FFA205F206C00F1FA7B /* EasingTypes */ = {
			isa = PBXGroup;
			children = (
				8BA84FFB205F206C00F1FA7B /* EasingElastic.swift */,
				8BA84FFC205F206C00F1FA7B /* EasingLinear.swift */,
				8BA84FFD205F206C00F1FA7B /* EasingSine.swift */,
				8BA84FFE205F206C00F1FA7B /* EasingQuadratic.swift */,
				8BA84FFF205F206C00F1FA7B /* EasingCubic.swift */,
				8BA85000205F206C00F1FA7B /* EasingCircular.swift */,
				8BA85001205F206C00F1FA7B /* EasingExpo.swift */,
				8BA85002205F206C00F1FA7B /* EasingQuartic.swift */,
				8BA85003205F206C00F1FA7B /* EasingBounce.swift */,
				8BA85004205F206C00F1FA7B /* EasingQuintic.swift */,
				8BA85005205F206C00F1FA7B /* EasingBack.swift */,
			);
			path = EasingTypes;
			sourceTree = "<group>";
		};
		8BC143D21CF043A200E8EBC5 /* Helpers */ = {
			isa = PBXGroup;
			children = (
				8BC143D01CF0439A00E8EBC5 /* Tester.swift */,
				8B9C0D3B2CF834A500FC5C78 /* TestingSupport.swift */,
			);
			name = Helpers;
			sourceTree = "<group>";
		};
/* End PBXGroup section */

/* Begin PBXNativeTarget section */
		8B62C0241CEF9C0F0087727A /* MotionMachineTests */ = {
			isa = PBXNativeTarget;
			buildConfigurationList = 8B62C0311CEF9C0F0087727A /* Build configuration list for PBXNativeTarget "MotionMachineTests" */;
			buildPhases = (
				8B62C0211CEF9C0F0087727A /* Sources */,
				8B62C0221CEF9C0F0087727A /* Frameworks */,
				8B62C0231CEF9C0F0087727A /* Resources */,
			);
			buildRules = (
			);
			dependencies = (
				8BC143CD1CF03F6900E8EBC5 /* PBXTargetDependency */,
			);
			fileSystemSynchronizedGroups = (
				8B4B05272D30F40600241676 /* Helpers */,
				8B8CAE5B2CFA935B00A02EB7 /* Protocols */,
				8B8CAE612CFA935B00A02EB7 /* Types */,
				8B9C0D182CF7B85D00FC5C78 /* TempoTypes */,
				8B9C0D202CF7B88300FC5C78 /* Paths */,
				8BD434A92D2515570032355F /* ValueAssistants */,
				8BE6E4572D17D8B90050E1F2 /* ValueAssistants */,
			);
			name = MotionMachineTests;
			productName = MotionMachineTestsTests;
			productReference = 8B62C0251CEF9C0F0087727A /* MotionMachineTests.xctest */;
			productType = "com.apple.product-type.bundle.unit-test";
		};
		8B62C0B81CF014210087727A /* MotionMachine */ = {
			isa = PBXNativeTarget;
			buildConfigurationList = 8B62C0C81CF014210087727A /* Build configuration list for PBXNativeTarget "MotionMachine" */;
			buildPhases = (
				8B62C0B51CF014210087727A /* Sources */,
				8B62C0B61CF014210087727A /* Frameworks */,
				8B62C0B71CF014210087727A /* Resources */,
			);
			buildRules = (
			);
			dependencies = (
			);
			name = MotionMachine;
			productName = MotionMachine;
			productReference = 8B62C0B91CF014210087727A /* MotionMachine.app */;
			productType = "com.apple.product-type.application";
		};
		8BBF1DE12D322F3900FB5003 /* MotionMachineWatch */ = {
			isa = PBXNativeTarget;
			buildConfigurationList = 8BBF1DF92D322F3A00FB5003 /* Build configuration list for PBXNativeTarget "MotionMachineWatch" */;
			buildPhases = (
				8BBF1DE02D322F3900FB5003 /* Resources */,
				8BBF1DF82D322F3A00FB5003 /* Embed Watch Content */,
			);
			buildRules = (
			);
			dependencies = (
				8BBF1DEA2D322F3900FB5003 /* PBXTargetDependency */,
			);
			name = MotionMachineWatch;
			packageProductDependencies = (
			);
			productName = MotionMachineWatch;
			productReference = 8BBF1DE22D322F3900FB5003 /* MotionMachineWatch.app */;
			productType = "com.apple.product-type.application.watchapp2-container";
		};
		8BBF1DE62D322F3900FB5003 /* MotionMachineWatch Watch App */ = {
			isa = PBXNativeTarget;
			buildConfigurationList = 8BBF1DF52D322F3A00FB5003 /* Build configuration list for PBXNativeTarget "MotionMachineWatch Watch App" */;
			buildPhases = (
				8BBF1DE32D322F3900FB5003 /* Sources */,
				8BBF1DE42D322F3900FB5003 /* Frameworks */,
				8BBF1DE52D322F3900FB5003 /* Resources */,
			);
			buildRules = (
			);
			dependencies = (
			);
			fileSystemSynchronizedGroups = (
				8BBF1DEB2D322F3900FB5003 /* MotionMachineWatch Watch App */,
			);
			name = "MotionMachineWatch Watch App";
			packageProductDependencies = (
			);
			productName = "MotionMachineWatch Watch App";
			productReference = 8BBF1DE72D322F3900FB5003 /* MotionMachineWatch Watch App.app */;
			productType = "com.apple.product-type.application";
		};
		8BBF1DFF2D322FC800FB5003 /* MotionMachineWatchTests */ = {
			isa = PBXNativeTarget;
			buildConfigurationList = 8BBF1E062D322FC800FB5003 /* Build configuration list for PBXNativeTarget "MotionMachineWatchTests" */;
			buildPhases = (
				8BBF1DFC2D322FC800FB5003 /* Sources */,
				8BBF1DFD2D322FC800FB5003 /* Frameworks */,
				8BBF1DFE2D322FC800FB5003 /* Resources */,
			);
			buildRules = (
			);
			dependencies = (
				8BBF1E052D322FC800FB5003 /* PBXTargetDependency */,
			);
			name = MotionMachineWatchTests;
			packageProductDependencies = (
			);
			productName = MotionMachineWatchTests;
			productReference = 8BBF1E002D322FC800FB5003 /* MotionMachineWatchTests.xctest */;
			productType = "com.apple.product-type.bundle.unit-test";
		};
/* End PBXNativeTarget section */

/* Begin PBXProject section */
		8B62C0091CEF9C0F0087727A /* Project object */ = {
			isa = PBXProject;
			attributes = {
				BuildIndependentTargetsInParallel = YES;
				LastSwiftUpdateCheck = 1620;
				LastUpgradeCheck = 1610;
				ORGANIZATIONNAME = "Poet & Mountain, LLC";
				TargetAttributes = {
					8B62C0241CEF9C0F0087727A = {
						CreatedOnToolsVersion = 7.3.1;
						DevelopmentTeam = HJVTQESL5X;
						LastSwiftMigration = 1020;
						ProvisioningStyle = Manual;
						TestTargetID = 8B62C0B81CF014210087727A;
					};
					8B62C0B81CF014210087727A = {
						CreatedOnToolsVersion = 7.3.1;
						LastSwiftMigration = 1020;
					};
					8BBF1DE12D322F3900FB5003 = {
						CreatedOnToolsVersion = 16.2;
					};
					8BBF1DE62D322F3900FB5003 = {
						CreatedOnToolsVersion = 16.2;
					};
					8BBF1DFF2D322FC800FB5003 = {
						CreatedOnToolsVersion = 16.2;
						TestTargetID = 8BBF1DE62D322F3900FB5003;
					};
				};
			};
			buildConfigurationList = 8B62C00C1CEF9C0F0087727A /* Build configuration list for PBXProject "MotionMachineTests" */;
			compatibilityVersion = "Xcode 3.2";
			developmentRegion = en;
			hasScannedForEncodings = 0;
			knownRegions = (
				en,
				Base,
			);
			mainGroup = 8B62C0081CEF9C0F0087727A;
			productRefGroup = 8B62C0121CEF9C0F0087727A /* Products */;
			projectDirPath = "";
			projectRoot = "";
			targets = (
				8B62C0241CEF9C0F0087727A /* MotionMachineTests */,
				8B62C0B81CF014210087727A /* MotionMachine */,
				8BBF1DE12D322F3900FB5003 /* MotionMachineWatch */,
				8BBF1DE62D322F3900FB5003 /* MotionMachineWatch Watch App */,
				8BBF1DFF2D322FC800FB5003 /* MotionMachineWatchTests */,
			);
		};
/* End PBXProject section */

/* Begin PBXResourcesBuildPhase section */
		8B62C0231CEF9C0F0087727A /* Resources */ = {
			isa = PBXResourcesBuildPhase;
			buildActionMask = 2147483647;
			files = (
			);
			runOnlyForDeploymentPostprocessing = 0;
		};
		8B62C0B71CF014210087727A /* Resources */ = {
			isa = PBXResourcesBuildPhase;
			buildActionMask = 2147483647;
			files = (
				8B62C0C61CF014210087727A /* LaunchScreen.storyboard in Resources */,
				8B62C0C31CF014210087727A /* Assets.xcassets in Resources */,
				8B62C0C11CF014210087727A /* Main.storyboard in Resources */,
				8BBF1E552D323B0A00FB5003 /* MotionMachine.xctestplan in Resources */,
			);
			runOnlyForDeploymentPostprocessing = 0;
		};
		8BBF1DE02D322F3900FB5003 /* Resources */ = {
			isa = PBXResourcesBuildPhase;
			buildActionMask = 2147483647;
			files = (
			);
			runOnlyForDeploymentPostprocessing = 0;
		};
		8BBF1DE52D322F3900FB5003 /* Resources */ = {
			isa = PBXResourcesBuildPhase;
			buildActionMask = 2147483647;
			files = (
				8BBF1E502D3233AA00FB5003 /* MotionMachineWatchTests.xctestplan in Resources */,
			);
			runOnlyForDeploymentPostprocessing = 0;
		};
		8BBF1DFE2D322FC800FB5003 /* Resources */ = {
			isa = PBXResourcesBuildPhase;
			buildActionMask = 2147483647;
			files = (
			);
			runOnlyForDeploymentPostprocessing = 0;
		};
/* End PBXResourcesBuildPhase section */

/* Begin PBXSourcesBuildPhase section */
		8B62C0211CEF9C0F0087727A /* Sources */ = {
			isa = PBXSourcesBuildPhase;
			buildActionMask = 2147483647;
			files = (
				8BA85020205F206C00F1FA7B /* EasingBounce.swift in Sources */,
				8B8CAF142CFC325600A02EB7 /* PhysicsConfiguration.swift in Sources */,
				8BA85013205F206C00F1FA7B /* Motion.swift in Sources */,
				8B8CAE702CFAF26600A02EB7 /* PhysicsSystemTests.swift in Sources */,
				8BA85019205F206C00F1FA7B /* EasingLinear.swift in Sources */,
				8B9C0D3C2CF834A500FC5C78 /* TestingSupport.swift in Sources */,
				8BAA9C481CF2574D0079A9DC /* EasingTests.swift in Sources */,
				8BC143D11CF0439A00E8EBC5 /* Tester.swift in Sources */,
				8BA8501F205F206C00F1FA7B /* EasingQuartic.swift in Sources */,
				8BA85028205F206C00F1FA7B /* MotionSequence.swift in Sources */,
				8BA85022205F206C00F1FA7B /* EasingBack.swift in Sources */,
				8BA85025205F206C00F1FA7B /* PhysicsSystem.swift in Sources */,
				8B8CAE522CFA930600A02EB7 /* PathPhysicsMotionTests.swift in Sources */,
				8BA8501E205F206C00F1FA7B /* EasingExpo.swift in Sources */,
				8BA85023205F206C00F1FA7B /* PropertyData.swift in Sources */,
				8BA85027205F206C00F1FA7B /* MotionGroup.swift in Sources */,
				8BAA9C4A1CF27DA40079A9DC /* MotionGroupTests.swift in Sources */,
				8BA8501C205F206C00F1FA7B /* EasingCubic.swift in Sources */,
				8BA8501A205F206C00F1FA7B /* EasingSine.swift in Sources */,
				8BA85018205F206C00F1FA7B /* EasingElastic.swift in Sources */,
				8BA8501B205F206C00F1FA7B /* EasingQuadratic.swift in Sources */,
				8BA8501D205F206C00F1FA7B /* EasingCircular.swift in Sources */,
				8B62C0761CEFA2F00087727A /* MotionTests.swift in Sources */,
				8BA85021205F206C00F1FA7B /* EasingQuintic.swift in Sources */,
				8BAA9C4C1CF2A4C90079A9DC /* MotionSequenceTests.swift in Sources */,
				8B9C0D262CF7B88F00FC5C78 /* PathMotion.swift in Sources */,
				8B6B031B1CF3CC6300C1E216 /* PhysicsMotionTests.swift in Sources */,
				8BB995AB2D2791AA0021B8B0 /* MotionState.swift in Sources */,
				8B9C0D282CF7B8D700FC5C78 /* PathMotionTests.swift in Sources */,
				8B8CAE682CFA935B00A02EB7 /* PathPhysicsMotion.swift in Sources */,
				8BA85014205F206C00F1FA7B /* PhysicsMotion.swift in Sources */,
				8B6076CC2D399D8700D9F1D9 /* PerformanceTests.swift in Sources */,
			);
			runOnlyForDeploymentPostprocessing = 0;
		};
		8B62C0B51CF014210087727A /* Sources */ = {
			isa = PBXSourcesBuildPhase;
			buildActionMask = 2147483647;
			files = (
				8B62C0BE1CF014210087727A /* ViewController.swift in Sources */,
				8B62C0BC1CF014210087727A /* AppDelegate.swift in Sources */,
			);
			runOnlyForDeploymentPostprocessing = 0;
		};
		8BBF1DE32D322F3900FB5003 /* Sources */ = {
			isa = PBXSourcesBuildPhase;
			buildActionMask = 2147483647;
			files = (
			);
			runOnlyForDeploymentPostprocessing = 0;
		};
		8BBF1DFC2D322FC800FB5003 /* Sources */ = {
			isa = PBXSourcesBuildPhase;
			buildActionMask = 2147483647;
			files = (
				8BBF1E512D32344C00FB5003 /* Tester.swift in Sources */,
				8BBF1E522D32344C00FB5003 /* TestingSupport.swift in Sources */,
				8BBF1E472D32333400FB5003 /* MotionTests.swift in Sources */,
				8BBF1E482D32333400FB5003 /* EasingTests.swift in Sources */,
				8BBF1E492D32333400FB5003 /* MotionGroupTests.swift in Sources */,
				8BBF1E4A2D32333400FB5003 /* MotionSequenceTests.swift in Sources */,
				8BBF1E4B2D32333400FB5003 /* PhysicsMotionTests.swift in Sources */,
				8BBF1E4C2D32333400FB5003 /* PathMotionTests.swift in Sources */,
				8BBF1E4D2D32333400FB5003 /* PathPhysicsMotionTests.swift in Sources */,
				8BBF1E4E2D32333400FB5003 /* PhysicsSystemTests.swift in Sources */,
				8BBF1E0C2D32328000FB5003 /* MotionState.swift in Sources */,
				8BBF1E152D32328000FB5003 /* PathPhysicsMotion.swift in Sources */,
				8BBF1E252D32328000FB5003 /* PathMotion.swift in Sources */,
				8BBF1E2F2D32328000FB5003 /* Motion.swift in Sources */,
				8BBF1E302D32328000FB5003 /* PhysicsMotion.swift in Sources */,
				8BBF1E312D32328000FB5003 /* EasingElastic.swift in Sources */,
				8BBF1E322D32328000FB5003 /* EasingLinear.swift in Sources */,
				8B6076CD2D399D8700D9F1D9 /* PerformanceTests.swift in Sources */,
				8BBF1E332D32328000FB5003 /* EasingSine.swift in Sources */,
				8BBF1E342D32328000FB5003 /* EasingQuadratic.swift in Sources */,
				8BBF1E352D32328000FB5003 /* EasingCubic.swift in Sources */,
				8BBF1E362D32328000FB5003 /* EasingCircular.swift in Sources */,
				8BBF1E372D32328000FB5003 /* EasingExpo.swift in Sources */,
				8BBF1E382D32328000FB5003 /* EasingQuartic.swift in Sources */,
				8BBF1E392D32328000FB5003 /* EasingBounce.swift in Sources */,
				8BBF1E3A2D32328000FB5003 /* EasingQuintic.swift in Sources */,
				8BBF1E3B2D32328000FB5003 /* EasingBack.swift in Sources */,
				8BBF1E3C2D32328000FB5003 /* PropertyData.swift in Sources */,
				8BBF1E3D2D32328000FB5003 /* PhysicsSystem.swift in Sources */,
				8BBF1E3E2D32328000FB5003 /* MotionGroup.swift in Sources */,
				8BBF1E3F2D32328000FB5003 /* MotionSequence.swift in Sources */,
				8BBF1E402D32328000FB5003 /* PhysicsConfiguration.swift in Sources */,
			);
			runOnlyForDeploymentPostprocessing = 0;
		};
/* End PBXSourcesBuildPhase section */

/* Begin PBXTargetDependency section */
		8BBF1DEA2D322F3900FB5003 /* PBXTargetDependency */ = {
			isa = PBXTargetDependency;
			target = 8BBF1DE62D322F3900FB5003 /* MotionMachineWatch Watch App */;
			targetProxy = 8BBF1DE92D322F3900FB5003 /* PBXContainerItemProxy */;
		};
		8BBF1E052D322FC800FB5003 /* PBXTargetDependency */ = {
			isa = PBXTargetDependency;
			target = 8BBF1DE62D322F3900FB5003 /* MotionMachineWatch Watch App */;
			targetProxy = 8BBF1E042D322FC800FB5003 /* PBXContainerItemProxy */;
		};
		8BC143CD1CF03F6900E8EBC5 /* PBXTargetDependency */ = {
			isa = PBXTargetDependency;
			target = 8B62C0B81CF014210087727A /* MotionMachine */;
			targetProxy = 8BC143CC1CF03F6900E8EBC5 /* PBXContainerItemProxy */;
		};
/* End PBXTargetDependency section */

/* Begin PBXVariantGroup section */
		8B62C0BF1CF014210087727A /* Main.storyboard */ = {
			isa = PBXVariantGroup;
			children = (
				8B62C0C01CF014210087727A /* Base */,
			);
			name = Main.storyboard;
			sourceTree = "<group>";
		};
		8B62C0C41CF014210087727A /* LaunchScreen.storyboard */ = {
			isa = PBXVariantGroup;
			children = (
				8B62C0C51CF014210087727A /* Base */,
			);
			name = LaunchScreen.storyboard;
			sourceTree = "<group>";
		};
/* End PBXVariantGroup section */

/* Begin XCBuildConfiguration section */
		8B62C02C1CEF9C0F0087727A /* Debug */ = {
			isa = XCBuildConfiguration;
			buildSettings = {
				ALWAYS_SEARCH_USER_PATHS = NO;
				CLANG_ANALYZER_LOCALIZABILITY_NONLOCALIZED = YES;
				CLANG_ANALYZER_NONNULL = YES;
				CLANG_CXX_LANGUAGE_STANDARD = "gnu++0x";
				CLANG_CXX_LIBRARY = "libc++";
				CLANG_ENABLE_MODULES = YES;
				CLANG_ENABLE_OBJC_ARC = YES;
				CLANG_WARN_BLOCK_CAPTURE_AUTORELEASING = YES;
				CLANG_WARN_BOOL_CONVERSION = YES;
				CLANG_WARN_COMMA = YES;
				CLANG_WARN_CONSTANT_CONVERSION = YES;
				CLANG_WARN_DEPRECATED_OBJC_IMPLEMENTATIONS = YES;
				CLANG_WARN_DIRECT_OBJC_ISA_USAGE = YES_ERROR;
				CLANG_WARN_EMPTY_BODY = YES;
				CLANG_WARN_ENUM_CONVERSION = YES;
				CLANG_WARN_INFINITE_RECURSION = YES;
				CLANG_WARN_INT_CONVERSION = YES;
				CLANG_WARN_NON_LITERAL_NULL_CONVERSION = YES;
				CLANG_WARN_OBJC_IMPLICIT_RETAIN_SELF = YES;
				CLANG_WARN_OBJC_LITERAL_CONVERSION = YES;
				CLANG_WARN_OBJC_ROOT_CLASS = YES_ERROR;
				CLANG_WARN_QUOTED_INCLUDE_IN_FRAMEWORK_HEADER = YES;
				CLANG_WARN_RANGE_LOOP_ANALYSIS = YES;
				CLANG_WARN_STRICT_PROTOTYPES = YES;
				CLANG_WARN_SUSPICIOUS_MOVE = YES;
				CLANG_WARN_UNREACHABLE_CODE = YES;
				CLANG_WARN__DUPLICATE_METHOD_MATCH = YES;
				"CODE_SIGN_IDENTITY[sdk=iphoneos*]" = "iPhone Developer";
				COPY_PHASE_STRIP = NO;
				DEBUG_INFORMATION_FORMAT = dwarf;
				ENABLE_STRICT_OBJC_MSGSEND = YES;
				ENABLE_TESTABILITY = YES;
				ENABLE_USER_SCRIPT_SANDBOXING = YES;
				GCC_C_LANGUAGE_STANDARD = gnu99;
				GCC_DYNAMIC_NO_PIC = NO;
				GCC_NO_COMMON_BLOCKS = YES;
				GCC_OPTIMIZATION_LEVEL = 0;
				GCC_PREPROCESSOR_DEFINITIONS = (
					"DEBUG=1",
					"$(inherited)",
				);
				GCC_WARN_64_TO_32_BIT_CONVERSION = YES;
				GCC_WARN_ABOUT_RETURN_TYPE = YES_ERROR;
				GCC_WARN_UNDECLARED_SELECTOR = YES;
				GCC_WARN_UNINITIALIZED_AUTOS = YES_AGGRESSIVE;
				GCC_WARN_UNUSED_FUNCTION = YES;
				GCC_WARN_UNUSED_VARIABLE = YES;
				IPHONEOS_DEPLOYMENT_TARGET = 17.6;
				MTL_ENABLE_DEBUG_INFO = YES;
				ONLY_ACTIVE_ARCH = YES;
				SDKROOT = iphoneos;
				SWIFT_OPTIMIZATION_LEVEL = "-Onone";
				SWIFT_SWIFT3_OBJC_INFERENCE = Default;
				SWIFT_VERSION = 6.0;
			};
			name = Debug;
		};
		8B62C02D1CEF9C0F0087727A /* Release */ = {
			isa = XCBuildConfiguration;
			buildSettings = {
				ALWAYS_SEARCH_USER_PATHS = NO;
				CLANG_ANALYZER_LOCALIZABILITY_NONLOCALIZED = YES;
				CLANG_ANALYZER_NONNULL = YES;
				CLANG_CXX_LANGUAGE_STANDARD = "gnu++0x";
				CLANG_CXX_LIBRARY = "libc++";
				CLANG_ENABLE_MODULES = YES;
				CLANG_ENABLE_OBJC_ARC = YES;
				CLANG_WARN_BLOCK_CAPTURE_AUTORELEASING = YES;
				CLANG_WARN_BOOL_CONVERSION = YES;
				CLANG_WARN_COMMA = YES;
				CLANG_WARN_CONSTANT_CONVERSION = YES;
				CLANG_WARN_DEPRECATED_OBJC_IMPLEMENTATIONS = YES;
				CLANG_WARN_DIRECT_OBJC_ISA_USAGE = YES_ERROR;
				CLANG_WARN_EMPTY_BODY = YES;
				CLANG_WARN_ENUM_CONVERSION = YES;
				CLANG_WARN_INFINITE_RECURSION = YES;
				CLANG_WARN_INT_CONVERSION = YES;
				CLANG_WARN_NON_LITERAL_NULL_CONVERSION = YES;
				CLANG_WARN_OBJC_IMPLICIT_RETAIN_SELF = YES;
				CLANG_WARN_OBJC_LITERAL_CONVERSION = YES;
				CLANG_WARN_OBJC_ROOT_CLASS = YES_ERROR;
				CLANG_WARN_QUOTED_INCLUDE_IN_FRAMEWORK_HEADER = YES;
				CLANG_WARN_RANGE_LOOP_ANALYSIS = YES;
				CLANG_WARN_STRICT_PROTOTYPES = YES;
				CLANG_WARN_SUSPICIOUS_MOVE = YES;
				CLANG_WARN_UNREACHABLE_CODE = YES;
				CLANG_WARN__DUPLICATE_METHOD_MATCH = YES;
				"CODE_SIGN_IDENTITY[sdk=iphoneos*]" = "iPhone Developer";
				COPY_PHASE_STRIP = NO;
				DEBUG_INFORMATION_FORMAT = "dwarf-with-dsym";
				ENABLE_NS_ASSERTIONS = NO;
				ENABLE_STRICT_OBJC_MSGSEND = YES;
				ENABLE_USER_SCRIPT_SANDBOXING = YES;
				GCC_C_LANGUAGE_STANDARD = gnu99;
				GCC_NO_COMMON_BLOCKS = YES;
				GCC_WARN_64_TO_32_BIT_CONVERSION = YES;
				GCC_WARN_ABOUT_RETURN_TYPE = YES_ERROR;
				GCC_WARN_UNDECLARED_SELECTOR = YES;
				GCC_WARN_UNINITIALIZED_AUTOS = YES_AGGRESSIVE;
				GCC_WARN_UNUSED_FUNCTION = YES;
				GCC_WARN_UNUSED_VARIABLE = YES;
				IPHONEOS_DEPLOYMENT_TARGET = 17.6;
				MTL_ENABLE_DEBUG_INFO = NO;
				SDKROOT = iphoneos;
				SWIFT_COMPILATION_MODE = wholemodule;
				SWIFT_OPTIMIZATION_LEVEL = "-O";
				SWIFT_SWIFT3_OBJC_INFERENCE = Default;
				SWIFT_VERSION = 6.0;
				VALIDATE_PRODUCT = YES;
			};
			name = Release;
		};
		8B62C0321CEF9C0F0087727A /* Debug */ = {
			isa = XCBuildConfiguration;
			buildSettings = {
				BUNDLE_LOADER = "$(TEST_HOST)";
				CLANG_ENABLE_MODULES = YES;
				DEVELOPMENT_TEAM = HJVTQESL5X;
				INFOPLIST_FILE = MotionMachineTests/Info.plist;
				IPHONEOS_DEPLOYMENT_TARGET = 16.0;
				LD_RUNPATH_SEARCH_PATHS = (
					"$(inherited)",
					"@executable_path/Frameworks",
					"@loader_path/Frameworks",
				);
				PRODUCT_BUNDLE_IDENTIFIER = com.poetmountain.MotionMachineTests;
				PRODUCT_NAME = "$(TARGET_NAME)";
				SUPPORTED_PLATFORMS = "iphoneos iphonesimulator";
				SUPPORTS_MACCATALYST = YES;
				SWIFT_OPTIMIZATION_LEVEL = "-Onone";
				SWIFT_VERSION = 6.0;
				TARGETED_DEVICE_FAMILY = 1;
				TEST_HOST = "$(BUILT_PRODUCTS_DIR)/MotionMachine.app/MotionMachine";
				WATCHOS_DEPLOYMENT_TARGET = 9.4;
			};
			name = Debug;
		};
		8B62C0331CEF9C0F0087727A /* Release */ = {
			isa = XCBuildConfiguration;
			buildSettings = {
				BUNDLE_LOADER = "$(TEST_HOST)";
				CLANG_ENABLE_MODULES = YES;
				INFOPLIST_FILE = MotionMachineTests/Info.plist;
				IPHONEOS_DEPLOYMENT_TARGET = 16.0;
				LD_RUNPATH_SEARCH_PATHS = (
					"$(inherited)",
					"@executable_path/Frameworks",
					"@loader_path/Frameworks",
				);
				PRODUCT_BUNDLE_IDENTIFIER = com.poetmountain.MotionMachineTests;
				PRODUCT_NAME = "$(TARGET_NAME)";
				SUPPORTED_PLATFORMS = "iphoneos iphonesimulator";
				SUPPORTS_MACCATALYST = YES;
				SWIFT_VERSION = 6.0;
				TARGETED_DEVICE_FAMILY = 1;
				TEST_HOST = "$(BUILT_PRODUCTS_DIR)/MotionMachine.app/MotionMachine";
				WATCHOS_DEPLOYMENT_TARGET = 9.4;
			};
			name = Release;
		};
		8B62C0C91CF014210087727A /* Debug */ = {
			isa = XCBuildConfiguration;
			buildSettings = {
				ALLOW_TARGET_PLATFORM_SPECIALIZATION = YES;
				ASSETCATALOG_COMPILER_APPICON_NAME = AppIcon;
				CODE_SIGN_IDENTITY = "Apple Development";
				CODE_SIGN_STYLE = Automatic;
				DEVELOPMENT_TEAM = HJVTQESL5X;
				INFOPLIST_FILE = MotionMachine/Info.plist;
				IPHONEOS_DEPLOYMENT_TARGET = 16.0;
				LD_RUNPATH_SEARCH_PATHS = (
					"$(inherited)",
					"@executable_path/Frameworks",
				);
				PRODUCT_BUNDLE_IDENTIFIER = com.poetmountain.MotionMachine;
				PRODUCT_NAME = "$(TARGET_NAME)";
				PROVISIONING_PROFILE_SPECIFIER = "";
				SUPPORTED_PLATFORMS = "iphonesimulator iphoneos";
				SUPPORTS_MACCATALYST = YES;
				SWIFT_VERSION = 6.0;
				WATCHOS_DEPLOYMENT_TARGET = 9.4;
			};
			name = Debug;
		};
		8B62C0CA1CF014210087727A /* Release */ = {
			isa = XCBuildConfiguration;
			buildSettings = {
				ALLOW_TARGET_PLATFORM_SPECIALIZATION = YES;
				ASSETCATALOG_COMPILER_APPICON_NAME = AppIcon;
				CODE_SIGN_IDENTITY = "Apple Development";
				CODE_SIGN_STYLE = Automatic;
				DEVELOPMENT_TEAM = HJVTQESL5X;
				INFOPLIST_FILE = MotionMachine/Info.plist;
				IPHONEOS_DEPLOYMENT_TARGET = 16.0;
				LD_RUNPATH_SEARCH_PATHS = (
					"$(inherited)",
					"@executable_path/Frameworks",
				);
				PRODUCT_BUNDLE_IDENTIFIER = com.poetmountain.MotionMachine;
				PRODUCT_NAME = "$(TARGET_NAME)";
				PROVISIONING_PROFILE_SPECIFIER = "";
				SUPPORTED_PLATFORMS = "iphonesimulator iphoneos";
				SUPPORTS_MACCATALYST = YES;
				SWIFT_VERSION = 6.0;
				WATCHOS_DEPLOYMENT_TARGET = 9.4;
			};
			name = Release;
		};
		8BBF1DF62D322F3A00FB5003 /* Debug */ = {
			isa = XCBuildConfiguration;
			buildSettings = {
				ASSETCATALOG_COMPILER_APPICON_NAME = AppIcon;
				ASSETCATALOG_COMPILER_GENERATE_SWIFT_ASSET_SYMBOL_EXTENSIONS = YES;
				ASSETCATALOG_COMPILER_GLOBAL_ACCENT_COLOR_NAME = AccentColor;
				CLANG_ANALYZER_NUMBER_OBJECT_CONVERSION = YES_AGGRESSIVE;
				CLANG_CXX_LANGUAGE_STANDARD = "gnu++20";
				CLANG_ENABLE_OBJC_WEAK = YES;
				CLANG_WARN_DOCUMENTATION_COMMENTS = YES;
				CLANG_WARN_UNGUARDED_AVAILABILITY = YES_AGGRESSIVE;
				CODE_SIGN_STYLE = Automatic;
				CURRENT_PROJECT_VERSION = 1;
				DEVELOPMENT_ASSET_PATHS = "\"MotionMachineWatch Watch App/Preview Content\"";
				DEVELOPMENT_TEAM = HJVTQESL5X;
				ENABLE_PREVIEWS = YES;
				GCC_C_LANGUAGE_STANDARD = gnu17;
				GENERATE_INFOPLIST_FILE = YES;
				INFOPLIST_KEY_CFBundleDisplayName = MotionMachineWatch;
				INFOPLIST_KEY_UISupportedInterfaceOrientations = "UIInterfaceOrientationPortrait UIInterfaceOrientationPortraitUpsideDown";
				INFOPLIST_KEY_WKWatchOnly = YES;
				LD_RUNPATH_SEARCH_PATHS = (
					"$(inherited)",
					"@executable_path/Frameworks",
				);
				LOCALIZATION_PREFERS_STRING_CATALOGS = YES;
				MARKETING_VERSION = 1.0;
				MTL_ENABLE_DEBUG_INFO = INCLUDE_SOURCE;
				MTL_FAST_MATH = YES;
				PRODUCT_BUNDLE_IDENTIFIER = com.poetmountain.MotionMachineWatch.watchkitapp;
				PRODUCT_NAME = "$(TARGET_NAME)";
				SDKROOT = watchos;
				SKIP_INSTALL = YES;
				SWIFT_ACTIVE_COMPILATION_CONDITIONS = "DEBUG $(inherited)";
				SWIFT_EMIT_LOC_STRINGS = YES;
				SWIFT_VERSION = 5.0;
				TARGETED_DEVICE_FAMILY = 4;
				WATCHOS_DEPLOYMENT_TARGET = 9.4;
			};
			name = Debug;
		};
		8BBF1DF72D322F3A00FB5003 /* Release */ = {
			isa = XCBuildConfiguration;
			buildSettings = {
				ASSETCATALOG_COMPILER_APPICON_NAME = AppIcon;
				ASSETCATALOG_COMPILER_GENERATE_SWIFT_ASSET_SYMBOL_EXTENSIONS = YES;
				ASSETCATALOG_COMPILER_GLOBAL_ACCENT_COLOR_NAME = AccentColor;
				CLANG_ANALYZER_NUMBER_OBJECT_CONVERSION = YES_AGGRESSIVE;
				CLANG_CXX_LANGUAGE_STANDARD = "gnu++20";
				CLANG_ENABLE_OBJC_WEAK = YES;
				CLANG_WARN_DOCUMENTATION_COMMENTS = YES;
				CLANG_WARN_UNGUARDED_AVAILABILITY = YES_AGGRESSIVE;
				CODE_SIGN_STYLE = Automatic;
				CURRENT_PROJECT_VERSION = 1;
				DEVELOPMENT_ASSET_PATHS = "\"MotionMachineWatch Watch App/Preview Content\"";
				DEVELOPMENT_TEAM = HJVTQESL5X;
				ENABLE_PREVIEWS = YES;
				GCC_C_LANGUAGE_STANDARD = gnu17;
				GENERATE_INFOPLIST_FILE = YES;
				INFOPLIST_KEY_CFBundleDisplayName = MotionMachineWatch;
				INFOPLIST_KEY_UISupportedInterfaceOrientations = "UIInterfaceOrientationPortrait UIInterfaceOrientationPortraitUpsideDown";
				INFOPLIST_KEY_WKWatchOnly = YES;
				LD_RUNPATH_SEARCH_PATHS = (
					"$(inherited)",
					"@executable_path/Frameworks",
				);
				LOCALIZATION_PREFERS_STRING_CATALOGS = YES;
				MARKETING_VERSION = 1.0;
				MTL_FAST_MATH = YES;
				PRODUCT_BUNDLE_IDENTIFIER = com.poetmountain.MotionMachineWatch.watchkitapp;
				PRODUCT_NAME = "$(TARGET_NAME)";
				SDKROOT = watchos;
				SKIP_INSTALL = YES;
				SWIFT_EMIT_LOC_STRINGS = YES;
				SWIFT_VERSION = 5.0;
				TARGETED_DEVICE_FAMILY = 4;
				WATCHOS_DEPLOYMENT_TARGET = 9.4;
			};
			name = Release;
		};
		8BBF1DFA2D322F3A00FB5003 /* Debug */ = {
			isa = XCBuildConfiguration;
			buildSettings = {
				ASSETCATALOG_COMPILER_GENERATE_SWIFT_ASSET_SYMBOL_EXTENSIONS = YES;
				CLANG_ANALYZER_NUMBER_OBJECT_CONVERSION = YES_AGGRESSIVE;
				CLANG_CXX_LANGUAGE_STANDARD = "gnu++20";
				CLANG_ENABLE_OBJC_WEAK = YES;
				CLANG_WARN_DOCUMENTATION_COMMENTS = YES;
				CLANG_WARN_UNGUARDED_AVAILABILITY = YES_AGGRESSIVE;
				CODE_SIGN_STYLE = Automatic;
				CURRENT_PROJECT_VERSION = 1;
				DEVELOPMENT_TEAM = HJVTQESL5X;
				GCC_C_LANGUAGE_STANDARD = gnu17;
				INFOPLIST_KEY_CFBundleDisplayName = MotionMachineWatch;
				LOCALIZATION_PREFERS_STRING_CATALOGS = YES;
				MARKETING_VERSION = 1.0;
				MTL_ENABLE_DEBUG_INFO = INCLUDE_SOURCE;
				MTL_FAST_MATH = YES;
				PRODUCT_BUNDLE_IDENTIFIER = com.poetmountain.MotionMachineWatch;
				PRODUCT_NAME = "$(TARGET_NAME)";
				SWIFT_ACTIVE_COMPILATION_CONDITIONS = "DEBUG $(inherited)";
				SWIFT_VERSION = 5.0;
			};
			name = Debug;
		};
		8BBF1DFB2D322F3A00FB5003 /* Release */ = {
			isa = XCBuildConfiguration;
			buildSettings = {
				ASSETCATALOG_COMPILER_GENERATE_SWIFT_ASSET_SYMBOL_EXTENSIONS = YES;
				CLANG_ANALYZER_NUMBER_OBJECT_CONVERSION = YES_AGGRESSIVE;
				CLANG_CXX_LANGUAGE_STANDARD = "gnu++20";
				CLANG_ENABLE_OBJC_WEAK = YES;
				CLANG_WARN_DOCUMENTATION_COMMENTS = YES;
				CLANG_WARN_UNGUARDED_AVAILABILITY = YES_AGGRESSIVE;
				CODE_SIGN_STYLE = Automatic;
				CURRENT_PROJECT_VERSION = 1;
				DEVELOPMENT_TEAM = HJVTQESL5X;
				GCC_C_LANGUAGE_STANDARD = gnu17;
				INFOPLIST_KEY_CFBundleDisplayName = MotionMachineWatch;
				LOCALIZATION_PREFERS_STRING_CATALOGS = YES;
				MARKETING_VERSION = 1.0;
				MTL_FAST_MATH = YES;
				PRODUCT_BUNDLE_IDENTIFIER = com.poetmountain.MotionMachineWatch;
				PRODUCT_NAME = "$(TARGET_NAME)";
				SWIFT_VERSION = 5.0;
			};
			name = Release;
		};
		8BBF1E072D322FC800FB5003 /* Debug */ = {
			isa = XCBuildConfiguration;
			buildSettings = {
				ASSETCATALOG_COMPILER_GENERATE_SWIFT_ASSET_SYMBOL_EXTENSIONS = YES;
				BUNDLE_LOADER = "$(TEST_HOST)";
				CLANG_ANALYZER_NUMBER_OBJECT_CONVERSION = YES_AGGRESSIVE;
				CLANG_CXX_LANGUAGE_STANDARD = "gnu++20";
				CLANG_ENABLE_OBJC_WEAK = YES;
				CLANG_WARN_DOCUMENTATION_COMMENTS = YES;
				CLANG_WARN_UNGUARDED_AVAILABILITY = YES_AGGRESSIVE;
				CODE_SIGN_STYLE = Automatic;
				CURRENT_PROJECT_VERSION = 1;
				DEVELOPMENT_TEAM = HJVTQESL5X;
				GCC_C_LANGUAGE_STANDARD = gnu17;
				GENERATE_INFOPLIST_FILE = YES;
				LOCALIZATION_PREFERS_STRING_CATALOGS = YES;
				MARKETING_VERSION = 1.0;
				MTL_ENABLE_DEBUG_INFO = INCLUDE_SOURCE;
				MTL_FAST_MATH = YES;
				PRODUCT_BUNDLE_IDENTIFIER = com.poetmountain.MotionMachineWatchTests;
				PRODUCT_NAME = "$(TARGET_NAME)";
				SDKROOT = watchos;
				SWIFT_ACTIVE_COMPILATION_CONDITIONS = "DEBUG $(inherited)";
				SWIFT_EMIT_LOC_STRINGS = NO;
				SWIFT_VERSION = 5.0;
				TARGETED_DEVICE_FAMILY = 4;
				TEST_HOST = "$(BUILT_PRODUCTS_DIR)/MotionMachineWatch Watch App.app/$(BUNDLE_EXECUTABLE_FOLDER_PATH)/MotionMachineWatch Watch App";
				WATCHOS_DEPLOYMENT_TARGET = 9.4;
			};
			name = Debug;
		};
		8BBF1E082D322FC800FB5003 /* Release */ = {
			isa = XCBuildConfiguration;
			buildSettings = {
				ASSETCATALOG_COMPILER_GENERATE_SWIFT_ASSET_SYMBOL_EXTENSIONS = YES;
				BUNDLE_LOADER = "$(TEST_HOST)";
				CLANG_ANALYZER_NUMBER_OBJECT_CONVERSION = YES_AGGRESSIVE;
				CLANG_CXX_LANGUAGE_STANDARD = "gnu++20";
				CLANG_ENABLE_OBJC_WEAK = YES;
				CLANG_WARN_DOCUMENTATION_COMMENTS = YES;
				CLANG_WARN_UNGUARDED_AVAILABILITY = YES_AGGRESSIVE;
				CODE_SIGN_STYLE = Automatic;
				CURRENT_PROJECT_VERSION = 1;
				DEVELOPMENT_TEAM = HJVTQESL5X;
				GCC_C_LANGUAGE_STANDARD = gnu17;
				GENERATE_INFOPLIST_FILE = YES;
				LOCALIZATION_PREFERS_STRING_CATALOGS = YES;
				MARKETING_VERSION = 1.0;
				MTL_FAST_MATH = YES;
				PRODUCT_BUNDLE_IDENTIFIER = com.poetmountain.MotionMachineWatchTests;
				PRODUCT_NAME = "$(TARGET_NAME)";
				SDKROOT = watchos;
				SWIFT_EMIT_LOC_STRINGS = NO;
				SWIFT_VERSION = 5.0;
				TARGETED_DEVICE_FAMILY = 4;
				TEST_HOST = "$(BUILT_PRODUCTS_DIR)/MotionMachineWatch Watch App.app/$(BUNDLE_EXECUTABLE_FOLDER_PATH)/MotionMachineWatch Watch App";
				WATCHOS_DEPLOYMENT_TARGET = 9.4;
			};
			name = Release;
		};
/* End XCBuildConfiguration section */

/* Begin XCConfigurationList section */
		8B62C00C1CEF9C0F0087727A /* Build configuration list for PBXProject "MotionMachineTests" */ = {
			isa = XCConfigurationList;
			buildConfigurations = (
				8B62C02C1CEF9C0F0087727A /* Debug */,
				8B62C02D1CEF9C0F0087727A /* Release */,
			);
			defaultConfigurationIsVisible = 0;
			defaultConfigurationName = Release;
		};
		8B62C0311CEF9C0F0087727A /* Build configuration list for PBXNativeTarget "MotionMachineTests" */ = {
			isa = XCConfigurationList;
			buildConfigurations = (
				8B62C0321CEF9C0F0087727A /* Debug */,
				8B62C0331CEF9C0F0087727A /* Release */,
			);
			defaultConfigurationIsVisible = 0;
			defaultConfigurationName = Release;
		};
		8B62C0C81CF014210087727A /* Build configuration list for PBXNativeTarget "MotionMachine" */ = {
			isa = XCConfigurationList;
			buildConfigurations = (
				8B62C0C91CF014210087727A /* Debug */,
				8B62C0CA1CF014210087727A /* Release */,
			);
			defaultConfigurationIsVisible = 0;
			defaultConfigurationName = Release;
		};
		8BBF1DF52D322F3A00FB5003 /* Build configuration list for PBXNativeTarget "MotionMachineWatch Watch App" */ = {
			isa = XCConfigurationList;
			buildConfigurations = (
				8BBF1DF62D322F3A00FB5003 /* Debug */,
				8BBF1DF72D322F3A00FB5003 /* Release */,
			);
			defaultConfigurationIsVisible = 0;
			defaultConfigurationName = Release;
		};
		8BBF1DF92D322F3A00FB5003 /* Build configuration list for PBXNativeTarget "MotionMachineWatch" */ = {
			isa = XCConfigurationList;
			buildConfigurations = (
				8BBF1DFA2D322F3A00FB5003 /* Debug */,
				8BBF1DFB2D322F3A00FB5003 /* Release */,
			);
			defaultConfigurationIsVisible = 0;
			defaultConfigurationName = Release;
		};
		8BBF1E062D322FC800FB5003 /* Build configuration list for PBXNativeTarget "MotionMachineWatchTests" */ = {
			isa = XCConfigurationList;
			buildConfigurations = (
				8BBF1E072D322FC800FB5003 /* Debug */,
				8BBF1E082D322FC800FB5003 /* Release */,
			);
			defaultConfigurationIsVisible = 0;
			defaultConfigurationName = Release;
		};
/* End XCConfigurationList section */
	};
	rootObject = 8B62C0091CEF9C0F0087727A /* Project object */;
}
